// !$*UTF8*$!
{
	archiveVersion = 1;
	classes = {
	};
	objectVersion = 46;
	objects = {

/* Begin PBXBuildFile section */
		7A19D9D0164606E100B414FB /* ELCAlbumPickerController.m in Sources */ = {isa = PBXBuildFile; fileRef = 7A19D9BA164606E100B414FB /* ELCAlbumPickerController.m */; settings = {COMPILER_FLAGS = "-fno-objc-arc"; }; };
		7A19D9D1164606E100B414FB /* ELCAlbumPickerController.xib in Resources */ = {isa = PBXBuildFile; fileRef = 7A19D9BB164606E100B414FB /* ELCAlbumPickerController.xib */; };
		7A19D9D2164606E100B414FB /* ELCAsset.m in Sources */ = {isa = PBXBuildFile; fileRef = 7A19D9BD164606E100B414FB /* ELCAsset.m */; settings = {COMPILER_FLAGS = "-fno-objc-arc"; }; };
		7A19D9D3164606E100B414FB /* ELCAssetCell.m in Sources */ = {isa = PBXBuildFile; fileRef = 7A19D9BF164606E100B414FB /* ELCAssetCell.m */; settings = {COMPILER_FLAGS = "-fno-objc-arc"; }; };
		7A19D9D4164606E100B414FB /* ELCAssetPicker.xib in Resources */ = {isa = PBXBuildFile; fileRef = 7A19D9C0164606E100B414FB /* ELCAssetPicker.xib */; };
		7A19D9D5164606E100B414FB /* ELCAssetTablePicker.m in Sources */ = {isa = PBXBuildFile; fileRef = 7A19D9C2164606E100B414FB /* ELCAssetTablePicker.m */; settings = {COMPILER_FLAGS = "-fno-objc-arc"; }; };
		7A19D9D6164606E100B414FB /* ELCAssetTablePicker.xib in Resources */ = {isa = PBXBuildFile; fileRef = 7A19D9C3164606E100B414FB /* ELCAssetTablePicker.xib */; };
		7A19D9D7164606E100B414FB /* ELCImagePickerController.m in Sources */ = {isa = PBXBuildFile; fileRef = 7A19D9C5164606E100B414FB /* ELCImagePickerController.m */; settings = {COMPILER_FLAGS = "-fno-objc-arc"; }; };
		7A19D9D8164606E200B414FB /* ELCImagePickerController.xib in Resources */ = {isa = PBXBuildFile; fileRef = 7A19D9C6164606E100B414FB /* ELCImagePickerController.xib */; };
		7A19D9D9164606E200B414FB /* ELCImagePickerDemoAppDelegate.m in Sources */ = {isa = PBXBuildFile; fileRef = 7A19D9C8164606E100B414FB /* ELCImagePickerDemoAppDelegate.m */; settings = {COMPILER_FLAGS = "-fno-objc-arc"; }; };
		7A19D9DA164606E200B414FB /* ELCImagePickerDemoViewController.m in Sources */ = {isa = PBXBuildFile; fileRef = 7A19D9CA164606E100B414FB /* ELCImagePickerDemoViewController.m */; settings = {COMPILER_FLAGS = "-fno-objc-arc"; }; };
		7A19D9DB164606E200B414FB /* ELCUtil.m in Sources */ = {isa = PBXBuildFile; fileRef = 7A19D9CC164606E100B414FB /* ELCUtil.m */; settings = {COMPILER_FLAGS = "-fno-objc-arc"; }; };
		7A19D9DC164606E200B414FB /* Overlay.png in Resources */ = {isa = PBXBuildFile; fileRef = 7A19D9CD164606E100B414FB /* Overlay.png */; };
		7A19D9DD164606E200B414FB /* Overlay@2x.png in Resources */ = {isa = PBXBuildFile; fileRef = 7A19D9CE164606E100B414FB /* Overlay@2x.png */; };
		7A19D9DE164606E200B414FB /* ELCImagePickerDemoViewController.xib in Resources */ = {isa = PBXBuildFile; fileRef = 7A19D9CF164606E100B414FB /* ELCImagePickerDemoViewController.xib */; };
		7A36AC9C163BF2DE00DDE531 /* GifLoadViewController.m in Sources */ = {isa = PBXBuildFile; fileRef = 7A36AC9A163BF2DE00DDE531 /* GifLoadViewController.m */; };
		7A36AC9D163BF2DE00DDE531 /* GifLoadViewController.xib in Resources */ = {isa = PBXBuildFile; fileRef = 7A36AC9B163BF2DE00DDE531 /* GifLoadViewController.xib */; };
		7A36AC9F163BF72900DDE531 /* MobileCoreServices.framework in Frameworks */ = {isa = PBXBuildFile; fileRef = 7A36AC9E163BF72900DDE531 /* MobileCoreServices.framework */; };
		7AAC8C971645FCD600555BD6 /* AssetsLibrary.framework in Frameworks */ = {isa = PBXBuildFile; fileRef = 7AAC8C961645FCD600555BD6 /* AssetsLibrary.framework */; };
		B91DE65A16460ED80088A7E8 /* MessageComposerViewController.xib in Resources */ = {isa = PBXBuildFile; fileRef = B91DE65916460ED80088A7E8 /* MessageComposerViewController.xib */; };
		B91DE65C164610640088A7E8 /* Social.framework in Frameworks */ = {isa = PBXBuildFile; fileRef = B91DE65B164610640088A7E8 /* Social.framework */; };
		B931B26A1658C70600482E22 /* ASIAuthenticationDialog.m in Sources */ = {isa = PBXBuildFile; fileRef = B931B2571658C70600482E22 /* ASIAuthenticationDialog.m */; settings = {COMPILER_FLAGS = "-fno-objc-arc"; }; };
		B931B26B1658C70600482E22 /* ASIDataCompressor.m in Sources */ = {isa = PBXBuildFile; fileRef = B931B25A1658C70600482E22 /* ASIDataCompressor.m */; settings = {COMPILER_FLAGS = "-fno-objc-arc"; }; };
		B931B26C1658C70600482E22 /* ASIDataDecompressor.m in Sources */ = {isa = PBXBuildFile; fileRef = B931B25C1658C70600482E22 /* ASIDataDecompressor.m */; settings = {COMPILER_FLAGS = "-fno-objc-arc"; }; };
		B931B26D1658C70600482E22 /* ASIDownloadCache.m in Sources */ = {isa = PBXBuildFile; fileRef = B931B25E1658C70600482E22 /* ASIDownloadCache.m */; settings = {COMPILER_FLAGS = "-fno-objc-arc"; }; };
		B931B26E1658C70600482E22 /* ASIFormDataRequest.m in Sources */ = {isa = PBXBuildFile; fileRef = B931B2601658C70600482E22 /* ASIFormDataRequest.m */; settings = {COMPILER_FLAGS = "-fno-objc-arc"; }; };
		B931B26F1658C70600482E22 /* ASIHTTPRequest.m in Sources */ = {isa = PBXBuildFile; fileRef = B931B2621658C70600482E22 /* ASIHTTPRequest.m */; settings = {COMPILER_FLAGS = "-fno-objc-arc"; }; };
		B931B2701658C70600482E22 /* ASIInputStream.m in Sources */ = {isa = PBXBuildFile; fileRef = B931B2661658C70600482E22 /* ASIInputStream.m */; settings = {COMPILER_FLAGS = "-fno-objc-arc"; }; };
		B931B2711658C70600482E22 /* ASINetworkQueue.m in Sources */ = {isa = PBXBuildFile; fileRef = B931B2681658C70600482E22 /* ASINetworkQueue.m */; settings = {COMPILER_FLAGS = "-fno-objc-arc"; }; };
		B931B2751658C80C00482E22 /* Reachability.m in Sources */ = {isa = PBXBuildFile; fileRef = B931B2741658C80C00482E22 /* Reachability.m */; settings = {COMPILER_FLAGS = "-fno-objc-arc"; }; };
		B931B2B41658C84D00482E22 /* ASIWebPageRequest.m in Sources */ = {isa = PBXBuildFile; fileRef = B931B2781658C84D00482E22 /* ASIWebPageRequest.m */; settings = {COMPILER_FLAGS = "-fno-objc-arc"; }; };
		B931B2B51658C84D00482E22 /* ASICloudFilesCDNRequest.m in Sources */ = {isa = PBXBuildFile; fileRef = B931B27B1658C84D00482E22 /* ASICloudFilesCDNRequest.m */; settings = {COMPILER_FLAGS = "-fno-objc-arc"; }; };
		B931B2B61658C84D00482E22 /* ASICloudFilesContainer.m in Sources */ = {isa = PBXBuildFile; fileRef = B931B27D1658C84D00482E22 /* ASICloudFilesContainer.m */; settings = {COMPILER_FLAGS = "-fno-objc-arc"; }; };
		B931B2B71658C84D00482E22 /* ASICloudFilesContainerRequest.m in Sources */ = {isa = PBXBuildFile; fileRef = B931B27F1658C84D00482E22 /* ASICloudFilesContainerRequest.m */; settings = {COMPILER_FLAGS = "-fno-objc-arc"; }; };
		B931B2B81658C84D00482E22 /* ASICloudFilesContainerXMLParserDelegate.m in Sources */ = {isa = PBXBuildFile; fileRef = B931B2811658C84D00482E22 /* ASICloudFilesContainerXMLParserDelegate.m */; settings = {COMPILER_FLAGS = "-fno-objc-arc"; }; };
		B931B2B91658C84D00482E22 /* ASICloudFilesObject.m in Sources */ = {isa = PBXBuildFile; fileRef = B931B2831658C84D00482E22 /* ASICloudFilesObject.m */; settings = {COMPILER_FLAGS = "-fno-objc-arc"; }; };
		B931B2BA1658C84D00482E22 /* ASICloudFilesObjectRequest.m in Sources */ = {isa = PBXBuildFile; fileRef = B931B2851658C84D00482E22 /* ASICloudFilesObjectRequest.m */; settings = {COMPILER_FLAGS = "-fno-objc-arc"; }; };
		B931B2BB1658C84D00482E22 /* ASICloudFilesRequest.m in Sources */ = {isa = PBXBuildFile; fileRef = B931B2871658C84D00482E22 /* ASICloudFilesRequest.m */; settings = {COMPILER_FLAGS = "-fno-objc-arc"; }; };
		B931B2BC1658C84D00482E22 /* ASIS3Bucket.m in Sources */ = {isa = PBXBuildFile; fileRef = B931B28B1658C84D00482E22 /* ASIS3Bucket.m */; settings = {COMPILER_FLAGS = "-fno-objc-arc"; }; };
		B931B2BD1658C84D00482E22 /* ASIS3BucketObject.m in Sources */ = {isa = PBXBuildFile; fileRef = B931B28D1658C84D00482E22 /* ASIS3BucketObject.m */; settings = {COMPILER_FLAGS = "-fno-objc-arc"; }; };
		B931B2BE1658C84D00482E22 /* ASIS3BucketRequest.m in Sources */ = {isa = PBXBuildFile; fileRef = B931B28F1658C84D00482E22 /* ASIS3BucketRequest.m */; settings = {COMPILER_FLAGS = "-fno-objc-arc"; }; };
		B931B2BF1658C84D00482E22 /* ASIS3ObjectRequest.m in Sources */ = {isa = PBXBuildFile; fileRef = B931B2911658C84D00482E22 /* ASIS3ObjectRequest.m */; settings = {COMPILER_FLAGS = "-fno-objc-arc"; }; };
		B931B2C01658C84D00482E22 /* ASIS3Request.m in Sources */ = {isa = PBXBuildFile; fileRef = B931B2931658C84D00482E22 /* ASIS3Request.m */; settings = {COMPILER_FLAGS = "-fno-objc-arc"; }; };
		B931B2C11658C84D00482E22 /* ASIS3ServiceRequest.m in Sources */ = {isa = PBXBuildFile; fileRef = B931B2951658C84D00482E22 /* ASIS3ServiceRequest.m */; settings = {COMPILER_FLAGS = "-fno-objc-arc"; }; };
		B931B2D21658C88C00482E22 /* libxml2.dylib in Frameworks */ = {isa = PBXBuildFile; fileRef = B931B2D11658C88C00482E22 /* libxml2.dylib */; };
		B931B2D41658C8EE00482E22 /* CFNetwork.framework in Frameworks */ = {isa = PBXBuildFile; fileRef = B931B2D31658C8EE00482E22 /* CFNetwork.framework */; };
		B931B2D61658C8F400482E22 /* SystemConfiguration.framework in Frameworks */ = {isa = PBXBuildFile; fileRef = B931B2D51658C8F400482E22 /* SystemConfiguration.framework */; };
		B931B2DA1658C90B00482E22 /* libz.1.2.5.dylib in Frameworks */ = {isa = PBXBuildFile; fileRef = B931B2D91658C90B00482E22 /* libz.1.2.5.dylib */; };
		B931B2DF1658CA6E00482E22 /* README-GHUnit in Resources */ = {isa = PBXBuildFile; fileRef = B931B2DE1658CA6E00482E22 /* README-GHUnit */; };
		B931B30A1658CB3B00482E22 /* NSMutableURLRequest+Parameters.m in Sources */ = {isa = PBXBuildFile; fileRef = B931B2E31658CB3B00482E22 /* NSMutableURLRequest+Parameters.m */; settings = {COMPILER_FLAGS = "-fno-objc-arc"; }; };
		B931B30B1658CB3B00482E22 /* NSString+URLEncoding.m in Sources */ = {isa = PBXBuildFile; fileRef = B931B2E51658CB3B00482E22 /* NSString+URLEncoding.m */; settings = {COMPILER_FLAGS = "-fno-objc-arc"; }; };
		B931B30C1658CB3B00482E22 /* NSURL+Base.m in Sources */ = {isa = PBXBuildFile; fileRef = B931B2E71658CB3B00482E22 /* NSURL+Base.m */; settings = {COMPILER_FLAGS = "-fno-objc-arc"; }; };
		B931B30D1658CB3B00482E22 /* Base64Transcoder.c in Sources */ = {isa = PBXBuildFile; fileRef = B931B2E91658CB3B00482E22 /* Base64Transcoder.c */; settings = {COMPILER_FLAGS = "-fno-objc-arc"; }; };
		B931B30E1658CB3C00482E22 /* hmac.c in Sources */ = {isa = PBXBuildFile; fileRef = B931B2EB1658CB3B00482E22 /* hmac.c */; settings = {COMPILER_FLAGS = "-fno-objc-arc"; }; };
		B931B30F1658CB3C00482E22 /* sha1.c in Sources */ = {isa = PBXBuildFile; fileRef = B931B2ED1658CB3B00482E22 /* sha1.c */; settings = {COMPILER_FLAGS = "-fno-objc-arc"; }; };
		B931B3101658CB3C00482E22 /* OAAttachment.m in Sources */ = {isa = PBXBuildFile; fileRef = B931B2F01658CB3B00482E22 /* OAAttachment.m */; settings = {COMPILER_FLAGS = "-fno-objc-arc"; }; };
		B931B3111658CB3C00482E22 /* OACall.m in Sources */ = {isa = PBXBuildFile; fileRef = B931B2F21658CB3B00482E22 /* OACall.m */; settings = {COMPILER_FLAGS = "-fno-objc-arc"; }; };
		B931B3121658CB3C00482E22 /* OAConsumer.m in Sources */ = {isa = PBXBuildFile; fileRef = B931B2F41658CB3B00482E22 /* OAConsumer.m */; settings = {COMPILER_FLAGS = "-fno-objc-arc"; }; };
		B931B3131658CB3C00482E22 /* OADataFetcher.m in Sources */ = {isa = PBXBuildFile; fileRef = B931B2F61658CB3B00482E22 /* OADataFetcher.m */; settings = {COMPILER_FLAGS = "-fno-objc-arc"; }; };
		B931B3141658CB3C00482E22 /* OAHMAC_SHA1SignatureProvider.m in Sources */ = {isa = PBXBuildFile; fileRef = B931B2F81658CB3B00482E22 /* OAHMAC_SHA1SignatureProvider.m */; settings = {COMPILER_FLAGS = "-fno-objc-arc"; }; };
		B931B3151658CB3C00482E22 /* OAMutableURLRequest.m in Sources */ = {isa = PBXBuildFile; fileRef = B931B2FA1658CB3B00482E22 /* OAMutableURLRequest.m */; settings = {COMPILER_FLAGS = "-fno-objc-arc"; }; };
		B931B3161658CB3C00482E22 /* OAPlaintextSignatureProvider.m in Sources */ = {isa = PBXBuildFile; fileRef = B931B2FC1658CB3B00482E22 /* OAPlaintextSignatureProvider.m */; settings = {COMPILER_FLAGS = "-fno-objc-arc"; }; };
		B931B3171658CB3C00482E22 /* OAProblem.m in Sources */ = {isa = PBXBuildFile; fileRef = B931B2FE1658CB3B00482E22 /* OAProblem.m */; settings = {COMPILER_FLAGS = "-fno-objc-arc"; }; };
		B931B3181658CB3C00482E22 /* OARequestParameter.m in Sources */ = {isa = PBXBuildFile; fileRef = B931B3001658CB3B00482E22 /* OARequestParameter.m */; settings = {COMPILER_FLAGS = "-fno-objc-arc"; }; };
		B931B3191658CB3C00482E22 /* OAServiceTicket.m in Sources */ = {isa = PBXBuildFile; fileRef = B931B3021658CB3B00482E22 /* OAServiceTicket.m */; settings = {COMPILER_FLAGS = "-fno-objc-arc"; }; };
		B931B31A1658CB3C00482E22 /* OATestServer.rb in Resources */ = {isa = PBXBuildFile; fileRef = B931B3041658CB3B00482E22 /* OATestServer.rb */; };
		B931B31B1658CB3C00482E22 /* OAToken.m in Sources */ = {isa = PBXBuildFile; fileRef = B931B3061658CB3B00482E22 /* OAToken.m */; settings = {COMPILER_FLAGS = "-fno-objc-arc"; }; };
		B931B31C1658CB3C00482E22 /* OATokenManager.m in Sources */ = {isa = PBXBuildFile; fileRef = B931B3081658CB3B00482E22 /* OATokenManager.m */; settings = {COMPILER_FLAGS = "-fno-objc-arc"; }; };
		B931B3221658CB8800482E22 /* MIT-LICENSE.txt in Resources */ = {isa = PBXBuildFile; fileRef = B931B31E1658CB8800482E22 /* MIT-LICENSE.txt */; };
		B931B3231658CB8800482E22 /* OARequestHeader.m in Sources */ = {isa = PBXBuildFile; fileRef = B931B3201658CB8800482E22 /* OARequestHeader.m */; settings = {COMPILER_FLAGS = "-fno-objc-arc"; }; };
		B931B3241658CB8800482E22 /* README.md in Resources */ = {isa = PBXBuildFile; fileRef = B931B3211658CB8800482E22 /* README.md */; };
		B931B3511658CED400482E22 /* NSObject+SBJson.m in Sources */ = {isa = PBXBuildFile; fileRef = B931B3391658CED400482E22 /* NSObject+SBJson.m */; };
		B931B3521658CED400482E22 /* SBJsonParser.m in Sources */ = {isa = PBXBuildFile; fileRef = B931B33C1658CED400482E22 /* SBJsonParser.m */; };
		B931B3531658CED400482E22 /* SBJsonStreamParser.m in Sources */ = {isa = PBXBuildFile; fileRef = B931B33E1658CED400482E22 /* SBJsonStreamParser.m */; };
		B931B3541658CED400482E22 /* SBJsonStreamParserAccumulator.m in Sources */ = {isa = PBXBuildFile; fileRef = B931B3401658CED400482E22 /* SBJsonStreamParserAccumulator.m */; };
		B931B3551658CED400482E22 /* SBJsonStreamParserAdapter.m in Sources */ = {isa = PBXBuildFile; fileRef = B931B3421658CED400482E22 /* SBJsonStreamParserAdapter.m */; };
		B931B3561658CED400482E22 /* SBJsonStreamParserState.m in Sources */ = {isa = PBXBuildFile; fileRef = B931B3441658CED400482E22 /* SBJsonStreamParserState.m */; };
		B931B3571658CED400482E22 /* SBJsonStreamWriter.m in Sources */ = {isa = PBXBuildFile; fileRef = B931B3461658CED400482E22 /* SBJsonStreamWriter.m */; };
		B931B3581658CED400482E22 /* SBJsonStreamWriterAccumulator.m in Sources */ = {isa = PBXBuildFile; fileRef = B931B3481658CED400482E22 /* SBJsonStreamWriterAccumulator.m */; };
		B931B3591658CED400482E22 /* SBJsonStreamWriterState.m in Sources */ = {isa = PBXBuildFile; fileRef = B931B34A1658CED400482E22 /* SBJsonStreamWriterState.m */; };
		B931B35A1658CED400482E22 /* SBJsonTokeniser.m in Sources */ = {isa = PBXBuildFile; fileRef = B931B34C1658CED400482E22 /* SBJsonTokeniser.m */; };
		B931B35B1658CED400482E22 /* SBJsonUTF8Stream.m in Sources */ = {isa = PBXBuildFile; fileRef = B931B34E1658CED400482E22 /* SBJsonUTF8Stream.m */; };
		B931B35C1658CED400482E22 /* SBJsonWriter.m in Sources */ = {isa = PBXBuildFile; fileRef = B931B3501658CED400482E22 /* SBJsonWriter.m */; };
		B9958207163C2167008E696C /* Twitter.framework in Frameworks */ = {isa = PBXBuildFile; fileRef = B9958206163C2167008E696C /* Twitter.framework */; };
		B995820A163C2189008E696C /* Accounts.framework in Frameworks */ = {isa = PBXBuildFile; fileRef = B9958209163C2189008E696C /* Accounts.framework */; };
		B995821D163C2E7D008E696C /* MessageUI.framework in Frameworks */ = {isa = PBXBuildFile; fileRef = B995821C163C2E7C008E696C /* MessageUI.framework */; };
		B9958223163C2F2C008E696C /* MailViewController.m in Sources */ = {isa = PBXBuildFile; fileRef = B9958222163C2F2C008E696C /* MailViewController.m */; };
		B995822B163C31BB008E696C /* TiwPicViewController.m in Sources */ = {isa = PBXBuildFile; fileRef = B995822A163C31BB008E696C /* TiwPicViewController.m */; };
		B9ECB9C016589366005F5FA5 /* ActivityViewCustomProvider.m in Sources */ = {isa = PBXBuildFile; fileRef = B9ECB9BF16589366005F5FA5 /* ActivityViewCustomProvider.m */; };
		B9ECB9C4165893BE005F5FA5 /* ActivityViewCustomActivity.m in Sources */ = {isa = PBXBuildFile; fileRef = B9ECB9C3165893BE005F5FA5 /* ActivityViewCustomActivity.m */; };
		B9ECB9C61658A9F9005F5FA5 /* apple-touch-icon.png in Resources */ = {isa = PBXBuildFile; fileRef = B9ECB9C51658A9F9005F5FA5 /* apple-touch-icon.png */; };
		D704B7461645E5A400DBE35F /* GIF_Library.m in Sources */ = {isa = PBXBuildFile; fileRef = D704B7441645E5A400DBE35F /* GIF_Library.m */; };
		D768EC141658B36B00D2F362 /* Test1.gif in Resources */ = {isa = PBXBuildFile; fileRef = D768EC121658B36B00D2F362 /* Test1.gif */; };
		D768EC151658B36B00D2F362 /* Test2.gif in Resources */ = {isa = PBXBuildFile; fileRef = D768EC131658B36B00D2F362 /* Test2.gif */; };
		F25DB9561636846F00C488D5 /* ListCell.m in Sources */ = {isa = PBXBuildFile; fileRef = F25DB9541636846E00C488D5 /* ListCell.m */; };
		F25DB9571636846F00C488D5 /* ListCell.xib in Resources */ = {isa = PBXBuildFile; fileRef = F25DB9551636846F00C488D5 /* ListCell.xib */; };
		F286BD46163566A4004395AE /* MainViewController.m in Sources */ = {isa = PBXBuildFile; fileRef = F286BD44163566A4004395AE /* MainViewController.m */; };
		F286BD47163566A4004395AE /* MainViewController.xib in Resources */ = {isa = PBXBuildFile; fileRef = F286BD45163566A4004395AE /* MainViewController.xib */; };
		F286BD5A163570D2004395AE /* GridViewController.m in Sources */ = {isa = PBXBuildFile; fileRef = F286BD58163570D2004395AE /* GridViewController.m */; };
		F286BD5B163570D2004395AE /* GridViewController.xib in Resources */ = {isa = PBXBuildFile; fileRef = F286BD59163570D2004395AE /* GridViewController.xib */; };
		F286BD63163575A7004395AE /* GIFDetailViewController.m in Sources */ = {isa = PBXBuildFile; fileRef = F286BD61163575A6004395AE /* GIFDetailViewController.m */; };
		F286BD64163575A7004395AE /* GIFDetailViewController.xib in Resources */ = {isa = PBXBuildFile; fileRef = F286BD62163575A6004395AE /* GIFDetailViewController.xib */; };
		F286BD6A1635781F004395AE /* ListViewController.m in Sources */ = {isa = PBXBuildFile; fileRef = F286BD681635781F004395AE /* ListViewController.m */; };
		F286BD6B1635781F004395AE /* ListViewController.xib in Resources */ = {isa = PBXBuildFile; fileRef = F286BD691635781F004395AE /* ListViewController.xib */; };
		F2C2F934163390E500E93A97 /* UIKit.framework in Frameworks */ = {isa = PBXBuildFile; fileRef = F2C2F933163390E500E93A97 /* UIKit.framework */; };
		F2C2F936163390E500E93A97 /* Foundation.framework in Frameworks */ = {isa = PBXBuildFile; fileRef = F2C2F935163390E500E93A97 /* Foundation.framework */; };
		F2C2F938163390E500E93A97 /* CoreGraphics.framework in Frameworks */ = {isa = PBXBuildFile; fileRef = F2C2F937163390E500E93A97 /* CoreGraphics.framework */; };
		F2C2F93E163390E500E93A97 /* InfoPlist.strings in Resources */ = {isa = PBXBuildFile; fileRef = F2C2F93C163390E500E93A97 /* InfoPlist.strings */; };
		F2C2F940163390E500E93A97 /* main.m in Sources */ = {isa = PBXBuildFile; fileRef = F2C2F93F163390E500E93A97 /* main.m */; };
		F2C2F944163390E500E93A97 /* AppDelegate.m in Sources */ = {isa = PBXBuildFile; fileRef = F2C2F943163390E500E93A97 /* AppDelegate.m */; };
		F2C2F946163390E500E93A97 /* Default.png in Resources */ = {isa = PBXBuildFile; fileRef = F2C2F945163390E500E93A97 /* Default.png */; };
		F2C2F948163390E500E93A97 /* Default@2x.png in Resources */ = {isa = PBXBuildFile; fileRef = F2C2F947163390E500E93A97 /* Default@2x.png */; };
		F2C2F94A163390E500E93A97 /* Default-568h@2x.png in Resources */ = {isa = PBXBuildFile; fileRef = F2C2F949163390E500E93A97 /* Default-568h@2x.png */; };
		F2EB33441639739300293A7B /* GridCell.m in Sources */ = {isa = PBXBuildFile; fileRef = F2EB33431639739300293A7B /* GridCell.m */; };
/* End PBXBuildFile section */

/* Begin PBXFileReference section */
		7A19D9B9164606E100B414FB /* ELCAlbumPickerController.h */ = {isa = PBXFileReference; fileEncoding = 4; lastKnownFileType = sourcecode.c.h; path = ELCAlbumPickerController.h; sourceTree = "<group>"; };
		7A19D9BA164606E100B414FB /* ELCAlbumPickerController.m */ = {isa = PBXFileReference; fileEncoding = 4; lastKnownFileType = sourcecode.c.objc; path = ELCAlbumPickerController.m; sourceTree = "<group>"; };
		7A19D9BB164606E100B414FB /* ELCAlbumPickerController.xib */ = {isa = PBXFileReference; fileEncoding = 4; lastKnownFileType = file.xib; path = ELCAlbumPickerController.xib; sourceTree = "<group>"; };
		7A19D9BC164606E100B414FB /* ELCAsset.h */ = {isa = PBXFileReference; fileEncoding = 4; lastKnownFileType = sourcecode.c.h; path = ELCAsset.h; sourceTree = "<group>"; };
		7A19D9BD164606E100B414FB /* ELCAsset.m */ = {isa = PBXFileReference; fileEncoding = 4; lastKnownFileType = sourcecode.c.objc; path = ELCAsset.m; sourceTree = "<group>"; };
		7A19D9BE164606E100B414FB /* ELCAssetCell.h */ = {isa = PBXFileReference; fileEncoding = 4; lastKnownFileType = sourcecode.c.h; path = ELCAssetCell.h; sourceTree = "<group>"; };
		7A19D9BF164606E100B414FB /* ELCAssetCell.m */ = {isa = PBXFileReference; fileEncoding = 4; lastKnownFileType = sourcecode.c.objc; path = ELCAssetCell.m; sourceTree = "<group>"; };
		7A19D9C0164606E100B414FB /* ELCAssetPicker.xib */ = {isa = PBXFileReference; fileEncoding = 4; lastKnownFileType = file.xib; path = ELCAssetPicker.xib; sourceTree = "<group>"; };
		7A19D9C1164606E100B414FB /* ELCAssetTablePicker.h */ = {isa = PBXFileReference; fileEncoding = 4; lastKnownFileType = sourcecode.c.h; path = ELCAssetTablePicker.h; sourceTree = "<group>"; };
		7A19D9C2164606E100B414FB /* ELCAssetTablePicker.m */ = {isa = PBXFileReference; fileEncoding = 4; lastKnownFileType = sourcecode.c.objc; path = ELCAssetTablePicker.m; sourceTree = "<group>"; };
		7A19D9C3164606E100B414FB /* ELCAssetTablePicker.xib */ = {isa = PBXFileReference; fileEncoding = 4; lastKnownFileType = file.xib; path = ELCAssetTablePicker.xib; sourceTree = "<group>"; };
		7A19D9C4164606E100B414FB /* ELCImagePickerController.h */ = {isa = PBXFileReference; fileEncoding = 4; lastKnownFileType = sourcecode.c.h; path = ELCImagePickerController.h; sourceTree = "<group>"; };
		7A19D9C5164606E100B414FB /* ELCImagePickerController.m */ = {isa = PBXFileReference; fileEncoding = 4; lastKnownFileType = sourcecode.c.objc; path = ELCImagePickerController.m; sourceTree = "<group>"; };
		7A19D9C6164606E100B414FB /* ELCImagePickerController.xib */ = {isa = PBXFileReference; fileEncoding = 4; lastKnownFileType = file.xib; path = ELCImagePickerController.xib; sourceTree = "<group>"; };
		7A19D9C7164606E100B414FB /* ELCImagePickerDemoAppDelegate.h */ = {isa = PBXFileReference; fileEncoding = 4; lastKnownFileType = sourcecode.c.h; path = ELCImagePickerDemoAppDelegate.h; sourceTree = "<group>"; };
		7A19D9C8164606E100B414FB /* ELCImagePickerDemoAppDelegate.m */ = {isa = PBXFileReference; fileEncoding = 4; lastKnownFileType = sourcecode.c.objc; path = ELCImagePickerDemoAppDelegate.m; sourceTree = "<group>"; };
		7A19D9C9164606E100B414FB /* ELCImagePickerDemoViewController.h */ = {isa = PBXFileReference; fileEncoding = 4; lastKnownFileType = sourcecode.c.h; path = ELCImagePickerDemoViewController.h; sourceTree = "<group>"; };
		7A19D9CA164606E100B414FB /* ELCImagePickerDemoViewController.m */ = {isa = PBXFileReference; fileEncoding = 4; lastKnownFileType = sourcecode.c.objc; path = ELCImagePickerDemoViewController.m; sourceTree = "<group>"; };
		7A19D9CB164606E100B414FB /* ELCUtil.h */ = {isa = PBXFileReference; fileEncoding = 4; lastKnownFileType = sourcecode.c.h; path = ELCUtil.h; sourceTree = "<group>"; };
		7A19D9CC164606E100B414FB /* ELCUtil.m */ = {isa = PBXFileReference; fileEncoding = 4; lastKnownFileType = sourcecode.c.objc; path = ELCUtil.m; sourceTree = "<group>"; };
		7A19D9CD164606E100B414FB /* Overlay.png */ = {isa = PBXFileReference; lastKnownFileType = image.png; path = Overlay.png; sourceTree = "<group>"; };
		7A19D9CE164606E100B414FB /* Overlay@2x.png */ = {isa = PBXFileReference; lastKnownFileType = image.png; path = "Overlay@2x.png"; sourceTree = "<group>"; };
		7A19D9CF164606E100B414FB /* ELCImagePickerDemoViewController.xib */ = {isa = PBXFileReference; fileEncoding = 4; lastKnownFileType = file.xib; path = ELCImagePickerDemoViewController.xib; sourceTree = "<group>"; };
		7A36AC99163BF2DE00DDE531 /* GifLoadViewController.h */ = {isa = PBXFileReference; fileEncoding = 4; lastKnownFileType = sourcecode.c.h; path = GifLoadViewController.h; sourceTree = "<group>"; };
		7A36AC9A163BF2DE00DDE531 /* GifLoadViewController.m */ = {isa = PBXFileReference; fileEncoding = 4; lastKnownFileType = sourcecode.c.objc; path = GifLoadViewController.m; sourceTree = "<group>"; };
		7A36AC9B163BF2DE00DDE531 /* GifLoadViewController.xib */ = {isa = PBXFileReference; fileEncoding = 4; lastKnownFileType = file.xib; path = GifLoadViewController.xib; sourceTree = "<group>"; };
		7A36AC9E163BF72900DDE531 /* MobileCoreServices.framework */ = {isa = PBXFileReference; lastKnownFileType = wrapper.framework; name = MobileCoreServices.framework; path = System/Library/Frameworks/MobileCoreServices.framework; sourceTree = SDKROOT; };
		7AAC8C961645FCD600555BD6 /* AssetsLibrary.framework */ = {isa = PBXFileReference; lastKnownFileType = wrapper.framework; name = AssetsLibrary.framework; path = System/Library/Frameworks/AssetsLibrary.framework; sourceTree = SDKROOT; };
		B91DE65616460D9C0088A7E8 /* MessageComposerViewController.h */ = {isa = PBXFileReference; lastKnownFileType = sourcecode.c.h; path = MessageComposerViewController.h; sourceTree = "<group>"; };
		B91DE65716460D9C0088A7E8 /* MessageComposerViewController.m */ = {isa = PBXFileReference; lastKnownFileType = sourcecode.c.objc; path = MessageComposerViewController.m; sourceTree = "<group>"; };
		B91DE65916460ED80088A7E8 /* MessageComposerViewController.xib */ = {isa = PBXFileReference; fileEncoding = 4; lastKnownFileType = file.xib; path = MessageComposerViewController.xib; sourceTree = "<group>"; };
		B91DE65B164610640088A7E8 /* Social.framework */ = {isa = PBXFileReference; lastKnownFileType = wrapper.framework; name = Social.framework; path = System/Library/Frameworks/Social.framework; sourceTree = SDKROOT; };
		B931B2561658C70600482E22 /* ASIAuthenticationDialog.h */ = {isa = PBXFileReference; fileEncoding = 4; lastKnownFileType = sourcecode.c.h; path = ASIAuthenticationDialog.h; sourceTree = "<group>"; };
		B931B2571658C70600482E22 /* ASIAuthenticationDialog.m */ = {isa = PBXFileReference; fileEncoding = 4; lastKnownFileType = sourcecode.c.objc; path = ASIAuthenticationDialog.m; sourceTree = "<group>"; };
		B931B2581658C70600482E22 /* ASICacheDelegate.h */ = {isa = PBXFileReference; fileEncoding = 4; lastKnownFileType = sourcecode.c.h; path = ASICacheDelegate.h; sourceTree = "<group>"; };
		B931B2591658C70600482E22 /* ASIDataCompressor.h */ = {isa = PBXFileReference; fileEncoding = 4; lastKnownFileType = sourcecode.c.h; path = ASIDataCompressor.h; sourceTree = "<group>"; };
		B931B25A1658C70600482E22 /* ASIDataCompressor.m */ = {isa = PBXFileReference; fileEncoding = 4; lastKnownFileType = sourcecode.c.objc; path = ASIDataCompressor.m; sourceTree = "<group>"; };
		B931B25B1658C70600482E22 /* ASIDataDecompressor.h */ = {isa = PBXFileReference; fileEncoding = 4; lastKnownFileType = sourcecode.c.h; path = ASIDataDecompressor.h; sourceTree = "<group>"; };
		B931B25C1658C70600482E22 /* ASIDataDecompressor.m */ = {isa = PBXFileReference; fileEncoding = 4; lastKnownFileType = sourcecode.c.objc; path = ASIDataDecompressor.m; sourceTree = "<group>"; };
		B931B25D1658C70600482E22 /* ASIDownloadCache.h */ = {isa = PBXFileReference; fileEncoding = 4; lastKnownFileType = sourcecode.c.h; path = ASIDownloadCache.h; sourceTree = "<group>"; };
		B931B25E1658C70600482E22 /* ASIDownloadCache.m */ = {isa = PBXFileReference; fileEncoding = 4; lastKnownFileType = sourcecode.c.objc; path = ASIDownloadCache.m; sourceTree = "<group>"; };
		B931B25F1658C70600482E22 /* ASIFormDataRequest.h */ = {isa = PBXFileReference; fileEncoding = 4; lastKnownFileType = sourcecode.c.h; path = ASIFormDataRequest.h; sourceTree = "<group>"; };
		B931B2601658C70600482E22 /* ASIFormDataRequest.m */ = {isa = PBXFileReference; fileEncoding = 4; lastKnownFileType = sourcecode.c.objc; path = ASIFormDataRequest.m; sourceTree = "<group>"; };
		B931B2611658C70600482E22 /* ASIHTTPRequest.h */ = {isa = PBXFileReference; fileEncoding = 4; lastKnownFileType = sourcecode.c.h; path = ASIHTTPRequest.h; sourceTree = "<group>"; };
		B931B2621658C70600482E22 /* ASIHTTPRequest.m */ = {isa = PBXFileReference; fileEncoding = 4; lastKnownFileType = sourcecode.c.objc; path = ASIHTTPRequest.m; sourceTree = "<group>"; };
		B931B2631658C70600482E22 /* ASIHTTPRequestConfig.h */ = {isa = PBXFileReference; fileEncoding = 4; lastKnownFileType = sourcecode.c.h; path = ASIHTTPRequestConfig.h; sourceTree = "<group>"; };
		B931B2641658C70600482E22 /* ASIHTTPRequestDelegate.h */ = {isa = PBXFileReference; fileEncoding = 4; lastKnownFileType = sourcecode.c.h; path = ASIHTTPRequestDelegate.h; sourceTree = "<group>"; };
		B931B2651658C70600482E22 /* ASIInputStream.h */ = {isa = PBXFileReference; fileEncoding = 4; lastKnownFileType = sourcecode.c.h; path = ASIInputStream.h; sourceTree = "<group>"; };
		B931B2661658C70600482E22 /* ASIInputStream.m */ = {isa = PBXFileReference; fileEncoding = 4; lastKnownFileType = sourcecode.c.objc; path = ASIInputStream.m; sourceTree = "<group>"; };
		B931B2671658C70600482E22 /* ASINetworkQueue.h */ = {isa = PBXFileReference; fileEncoding = 4; lastKnownFileType = sourcecode.c.h; path = ASINetworkQueue.h; sourceTree = "<group>"; };
		B931B2681658C70600482E22 /* ASINetworkQueue.m */ = {isa = PBXFileReference; fileEncoding = 4; lastKnownFileType = sourcecode.c.objc; path = ASINetworkQueue.m; sourceTree = "<group>"; };
		B931B2691658C70600482E22 /* ASIProgressDelegate.h */ = {isa = PBXFileReference; fileEncoding = 4; lastKnownFileType = sourcecode.c.h; path = ASIProgressDelegate.h; sourceTree = "<group>"; };
		B931B2731658C80C00482E22 /* Reachability.h */ = {isa = PBXFileReference; fileEncoding = 4; lastKnownFileType = sourcecode.c.h; path = Reachability.h; sourceTree = "<group>"; };
		B931B2741658C80C00482E22 /* Reachability.m */ = {isa = PBXFileReference; fileEncoding = 4; lastKnownFileType = sourcecode.c.objc; path = Reachability.m; sourceTree = "<group>"; };
		B931B2771658C84D00482E22 /* ASIWebPageRequest.h */ = {isa = PBXFileReference; fileEncoding = 4; lastKnownFileType = sourcecode.c.h; path = ASIWebPageRequest.h; sourceTree = "<group>"; };
		B931B2781658C84D00482E22 /* ASIWebPageRequest.m */ = {isa = PBXFileReference; fileEncoding = 4; lastKnownFileType = sourcecode.c.objc; path = ASIWebPageRequest.m; sourceTree = "<group>"; };
		B931B27A1658C84D00482E22 /* ASICloudFilesCDNRequest.h */ = {isa = PBXFileReference; fileEncoding = 4; lastKnownFileType = sourcecode.c.h; path = ASICloudFilesCDNRequest.h; sourceTree = "<group>"; };
		B931B27B1658C84D00482E22 /* ASICloudFilesCDNRequest.m */ = {isa = PBXFileReference; fileEncoding = 4; lastKnownFileType = sourcecode.c.objc; path = ASICloudFilesCDNRequest.m; sourceTree = "<group>"; };
		B931B27C1658C84D00482E22 /* ASICloudFilesContainer.h */ = {isa = PBXFileReference; fileEncoding = 4; lastKnownFileType = sourcecode.c.h; path = ASICloudFilesContainer.h; sourceTree = "<group>"; };
		B931B27D1658C84D00482E22 /* ASICloudFilesContainer.m */ = {isa = PBXFileReference; fileEncoding = 4; lastKnownFileType = sourcecode.c.objc; path = ASICloudFilesContainer.m; sourceTree = "<group>"; };
		B931B27E1658C84D00482E22 /* ASICloudFilesContainerRequest.h */ = {isa = PBXFileReference; fileEncoding = 4; lastKnownFileType = sourcecode.c.h; path = ASICloudFilesContainerRequest.h; sourceTree = "<group>"; };
		B931B27F1658C84D00482E22 /* ASICloudFilesContainerRequest.m */ = {isa = PBXFileReference; fileEncoding = 4; lastKnownFileType = sourcecode.c.objc; path = ASICloudFilesContainerRequest.m; sourceTree = "<group>"; };
		B931B2801658C84D00482E22 /* ASICloudFilesContainerXMLParserDelegate.h */ = {isa = PBXFileReference; fileEncoding = 4; lastKnownFileType = sourcecode.c.h; path = ASICloudFilesContainerXMLParserDelegate.h; sourceTree = "<group>"; };
		B931B2811658C84D00482E22 /* ASICloudFilesContainerXMLParserDelegate.m */ = {isa = PBXFileReference; fileEncoding = 4; lastKnownFileType = sourcecode.c.objc; path = ASICloudFilesContainerXMLParserDelegate.m; sourceTree = "<group>"; };
		B931B2821658C84D00482E22 /* ASICloudFilesObject.h */ = {isa = PBXFileReference; fileEncoding = 4; lastKnownFileType = sourcecode.c.h; path = ASICloudFilesObject.h; sourceTree = "<group>"; };
		B931B2831658C84D00482E22 /* ASICloudFilesObject.m */ = {isa = PBXFileReference; fileEncoding = 4; lastKnownFileType = sourcecode.c.objc; path = ASICloudFilesObject.m; sourceTree = "<group>"; };
		B931B2841658C84D00482E22 /* ASICloudFilesObjectRequest.h */ = {isa = PBXFileReference; fileEncoding = 4; lastKnownFileType = sourcecode.c.h; path = ASICloudFilesObjectRequest.h; sourceTree = "<group>"; };
		B931B2851658C84D00482E22 /* ASICloudFilesObjectRequest.m */ = {isa = PBXFileReference; fileEncoding = 4; lastKnownFileType = sourcecode.c.objc; path = ASICloudFilesObjectRequest.m; sourceTree = "<group>"; };
		B931B2861658C84D00482E22 /* ASICloudFilesRequest.h */ = {isa = PBXFileReference; fileEncoding = 4; lastKnownFileType = sourcecode.c.h; path = ASICloudFilesRequest.h; sourceTree = "<group>"; };
		B931B2871658C84D00482E22 /* ASICloudFilesRequest.m */ = {isa = PBXFileReference; fileEncoding = 4; lastKnownFileType = sourcecode.c.objc; path = ASICloudFilesRequest.m; sourceTree = "<group>"; };
		B931B2891658C84D00482E22 /* ASINSXMLParserCompat.h */ = {isa = PBXFileReference; fileEncoding = 4; lastKnownFileType = sourcecode.c.h; path = ASINSXMLParserCompat.h; sourceTree = "<group>"; };
		B931B28A1658C84D00482E22 /* ASIS3Bucket.h */ = {isa = PBXFileReference; fileEncoding = 4; lastKnownFileType = sourcecode.c.h; path = ASIS3Bucket.h; sourceTree = "<group>"; };
		B931B28B1658C84D00482E22 /* ASIS3Bucket.m */ = {isa = PBXFileReference; fileEncoding = 4; lastKnownFileType = sourcecode.c.objc; path = ASIS3Bucket.m; sourceTree = "<group>"; };
		B931B28C1658C84D00482E22 /* ASIS3BucketObject.h */ = {isa = PBXFileReference; fileEncoding = 4; lastKnownFileType = sourcecode.c.h; path = ASIS3BucketObject.h; sourceTree = "<group>"; };
		B931B28D1658C84D00482E22 /* ASIS3BucketObject.m */ = {isa = PBXFileReference; fileEncoding = 4; lastKnownFileType = sourcecode.c.objc; path = ASIS3BucketObject.m; sourceTree = "<group>"; };
		B931B28E1658C84D00482E22 /* ASIS3BucketRequest.h */ = {isa = PBXFileReference; fileEncoding = 4; lastKnownFileType = sourcecode.c.h; path = ASIS3BucketRequest.h; sourceTree = "<group>"; };
		B931B28F1658C84D00482E22 /* ASIS3BucketRequest.m */ = {isa = PBXFileReference; fileEncoding = 4; lastKnownFileType = sourcecode.c.objc; path = ASIS3BucketRequest.m; sourceTree = "<group>"; };
		B931B2901658C84D00482E22 /* ASIS3ObjectRequest.h */ = {isa = PBXFileReference; fileEncoding = 4; lastKnownFileType = sourcecode.c.h; path = ASIS3ObjectRequest.h; sourceTree = "<group>"; };
		B931B2911658C84D00482E22 /* ASIS3ObjectRequest.m */ = {isa = PBXFileReference; fileEncoding = 4; lastKnownFileType = sourcecode.c.objc; path = ASIS3ObjectRequest.m; sourceTree = "<group>"; };
		B931B2921658C84D00482E22 /* ASIS3Request.h */ = {isa = PBXFileReference; fileEncoding = 4; lastKnownFileType = sourcecode.c.h; path = ASIS3Request.h; sourceTree = "<group>"; };
		B931B2931658C84D00482E22 /* ASIS3Request.m */ = {isa = PBXFileReference; fileEncoding = 4; lastKnownFileType = sourcecode.c.objc; path = ASIS3Request.m; sourceTree = "<group>"; };
		B931B2941658C84D00482E22 /* ASIS3ServiceRequest.h */ = {isa = PBXFileReference; fileEncoding = 4; lastKnownFileType = sourcecode.c.h; path = ASIS3ServiceRequest.h; sourceTree = "<group>"; };
		B931B2951658C84D00482E22 /* ASIS3ServiceRequest.m */ = {isa = PBXFileReference; fileEncoding = 4; lastKnownFileType = sourcecode.c.objc; path = ASIS3ServiceRequest.m; sourceTree = "<group>"; };
		B931B2D11658C88C00482E22 /* libxml2.dylib */ = {isa = PBXFileReference; lastKnownFileType = "compiled.mach-o.dylib"; name = libxml2.dylib; path = usr/lib/libxml2.dylib; sourceTree = SDKROOT; };
		B931B2D31658C8EE00482E22 /* CFNetwork.framework */ = {isa = PBXFileReference; lastKnownFileType = wrapper.framework; name = CFNetwork.framework; path = System/Library/Frameworks/CFNetwork.framework; sourceTree = SDKROOT; };
		B931B2D51658C8F400482E22 /* SystemConfiguration.framework */ = {isa = PBXFileReference; lastKnownFileType = wrapper.framework; name = SystemConfiguration.framework; path = System/Library/Frameworks/SystemConfiguration.framework; sourceTree = SDKROOT; };
		B931B2D91658C90B00482E22 /* libz.1.2.5.dylib */ = {isa = PBXFileReference; lastKnownFileType = "compiled.mach-o.dylib"; name = libz.1.2.5.dylib; path = usr/lib/libz.1.2.5.dylib; sourceTree = SDKROOT; };
		B931B2DE1658CA6E00482E22 /* README-GHUnit */ = {isa = PBXFileReference; fileEncoding = 4; lastKnownFileType = text; path = "README-GHUnit"; sourceTree = "<group>"; };
		B931B2E21658CB3B00482E22 /* NSMutableURLRequest+Parameters.h */ = {isa = PBXFileReference; fileEncoding = 4; lastKnownFileType = sourcecode.c.h; path = "NSMutableURLRequest+Parameters.h"; sourceTree = "<group>"; };
		B931B2E31658CB3B00482E22 /* NSMutableURLRequest+Parameters.m */ = {isa = PBXFileReference; fileEncoding = 4; lastKnownFileType = sourcecode.c.objc; path = "NSMutableURLRequest+Parameters.m"; sourceTree = "<group>"; };
		B931B2E41658CB3B00482E22 /* NSString+URLEncoding.h */ = {isa = PBXFileReference; fileEncoding = 4; lastKnownFileType = sourcecode.c.h; path = "NSString+URLEncoding.h"; sourceTree = "<group>"; };
		B931B2E51658CB3B00482E22 /* NSString+URLEncoding.m */ = {isa = PBXFileReference; fileEncoding = 4; lastKnownFileType = sourcecode.c.objc; path = "NSString+URLEncoding.m"; sourceTree = "<group>"; };
		B931B2E61658CB3B00482E22 /* NSURL+Base.h */ = {isa = PBXFileReference; fileEncoding = 4; lastKnownFileType = sourcecode.c.h; path = "NSURL+Base.h"; sourceTree = "<group>"; };
		B931B2E71658CB3B00482E22 /* NSURL+Base.m */ = {isa = PBXFileReference; fileEncoding = 4; lastKnownFileType = sourcecode.c.objc; path = "NSURL+Base.m"; sourceTree = "<group>"; };
		B931B2E91658CB3B00482E22 /* Base64Transcoder.c */ = {isa = PBXFileReference; fileEncoding = 4; lastKnownFileType = sourcecode.c.c; path = Base64Transcoder.c; sourceTree = "<group>"; };
		B931B2EA1658CB3B00482E22 /* Base64Transcoder.h */ = {isa = PBXFileReference; fileEncoding = 4; lastKnownFileType = sourcecode.c.h; path = Base64Transcoder.h; sourceTree = "<group>"; };
		B931B2EB1658CB3B00482E22 /* hmac.c */ = {isa = PBXFileReference; fileEncoding = 4; lastKnownFileType = sourcecode.c.c; path = hmac.c; sourceTree = "<group>"; };
		B931B2EC1658CB3B00482E22 /* hmac.h */ = {isa = PBXFileReference; fileEncoding = 4; lastKnownFileType = sourcecode.c.h; path = hmac.h; sourceTree = "<group>"; };
		B931B2ED1658CB3B00482E22 /* sha1.c */ = {isa = PBXFileReference; fileEncoding = 4; lastKnownFileType = sourcecode.c.c; path = sha1.c; sourceTree = "<group>"; };
		B931B2EE1658CB3B00482E22 /* sha1.h */ = {isa = PBXFileReference; fileEncoding = 4; lastKnownFileType = sourcecode.c.h; path = sha1.h; sourceTree = "<group>"; };
		B931B2EF1658CB3B00482E22 /* OAAttachment.h */ = {isa = PBXFileReference; fileEncoding = 4; lastKnownFileType = sourcecode.c.h; path = OAAttachment.h; sourceTree = "<group>"; };
		B931B2F01658CB3B00482E22 /* OAAttachment.m */ = {isa = PBXFileReference; fileEncoding = 4; lastKnownFileType = sourcecode.c.objc; path = OAAttachment.m; sourceTree = "<group>"; };
		B931B2F11658CB3B00482E22 /* OACall.h */ = {isa = PBXFileReference; fileEncoding = 4; lastKnownFileType = sourcecode.c.h; path = OACall.h; sourceTree = "<group>"; };
		B931B2F21658CB3B00482E22 /* OACall.m */ = {isa = PBXFileReference; fileEncoding = 4; lastKnownFileType = sourcecode.c.objc; path = OACall.m; sourceTree = "<group>"; };
		B931B2F31658CB3B00482E22 /* OAConsumer.h */ = {isa = PBXFileReference; fileEncoding = 4; lastKnownFileType = sourcecode.c.h; path = OAConsumer.h; sourceTree = "<group>"; };
		B931B2F41658CB3B00482E22 /* OAConsumer.m */ = {isa = PBXFileReference; fileEncoding = 4; lastKnownFileType = sourcecode.c.objc; path = OAConsumer.m; sourceTree = "<group>"; };
		B931B2F51658CB3B00482E22 /* OADataFetcher.h */ = {isa = PBXFileReference; fileEncoding = 4; lastKnownFileType = sourcecode.c.h; path = OADataFetcher.h; sourceTree = "<group>"; };
		B931B2F61658CB3B00482E22 /* OADataFetcher.m */ = {isa = PBXFileReference; fileEncoding = 4; lastKnownFileType = sourcecode.c.objc; path = OADataFetcher.m; sourceTree = "<group>"; };
		B931B2F71658CB3B00482E22 /* OAHMAC_SHA1SignatureProvider.h */ = {isa = PBXFileReference; fileEncoding = 4; lastKnownFileType = sourcecode.c.h; path = OAHMAC_SHA1SignatureProvider.h; sourceTree = "<group>"; };
		B931B2F81658CB3B00482E22 /* OAHMAC_SHA1SignatureProvider.m */ = {isa = PBXFileReference; fileEncoding = 4; lastKnownFileType = sourcecode.c.objc; path = OAHMAC_SHA1SignatureProvider.m; sourceTree = "<group>"; };
		B931B2F91658CB3B00482E22 /* OAMutableURLRequest.h */ = {isa = PBXFileReference; fileEncoding = 4; lastKnownFileType = sourcecode.c.h; path = OAMutableURLRequest.h; sourceTree = "<group>"; };
		B931B2FA1658CB3B00482E22 /* OAMutableURLRequest.m */ = {isa = PBXFileReference; fileEncoding = 4; lastKnownFileType = sourcecode.c.objc; path = OAMutableURLRequest.m; sourceTree = "<group>"; };
		B931B2FB1658CB3B00482E22 /* OAPlaintextSignatureProvider.h */ = {isa = PBXFileReference; fileEncoding = 4; lastKnownFileType = sourcecode.c.h; path = OAPlaintextSignatureProvider.h; sourceTree = "<group>"; };
		B931B2FC1658CB3B00482E22 /* OAPlaintextSignatureProvider.m */ = {isa = PBXFileReference; fileEncoding = 4; lastKnownFileType = sourcecode.c.objc; path = OAPlaintextSignatureProvider.m; sourceTree = "<group>"; };
		B931B2FD1658CB3B00482E22 /* OAProblem.h */ = {isa = PBXFileReference; fileEncoding = 4; lastKnownFileType = sourcecode.c.h; path = OAProblem.h; sourceTree = "<group>"; };
		B931B2FE1658CB3B00482E22 /* OAProblem.m */ = {isa = PBXFileReference; fileEncoding = 4; lastKnownFileType = sourcecode.c.objc; path = OAProblem.m; sourceTree = "<group>"; };
		B931B2FF1658CB3B00482E22 /* OARequestParameter.h */ = {isa = PBXFileReference; fileEncoding = 4; lastKnownFileType = sourcecode.c.h; path = OARequestParameter.h; sourceTree = "<group>"; };
		B931B3001658CB3B00482E22 /* OARequestParameter.m */ = {isa = PBXFileReference; fileEncoding = 4; lastKnownFileType = sourcecode.c.objc; path = OARequestParameter.m; sourceTree = "<group>"; };
		B931B3011658CB3B00482E22 /* OAServiceTicket.h */ = {isa = PBXFileReference; fileEncoding = 4; lastKnownFileType = sourcecode.c.h; path = OAServiceTicket.h; sourceTree = "<group>"; };
		B931B3021658CB3B00482E22 /* OAServiceTicket.m */ = {isa = PBXFileReference; fileEncoding = 4; lastKnownFileType = sourcecode.c.objc; path = OAServiceTicket.m; sourceTree = "<group>"; };
		B931B3031658CB3B00482E22 /* OASignatureProviding.h */ = {isa = PBXFileReference; fileEncoding = 4; lastKnownFileType = sourcecode.c.h; path = OASignatureProviding.h; sourceTree = "<group>"; };
		B931B3041658CB3B00482E22 /* OATestServer.rb */ = {isa = PBXFileReference; fileEncoding = 4; lastKnownFileType = text.script.ruby; path = OATestServer.rb; sourceTree = "<group>"; };
		B931B3051658CB3B00482E22 /* OAToken.h */ = {isa = PBXFileReference; fileEncoding = 4; lastKnownFileType = sourcecode.c.h; path = OAToken.h; sourceTree = "<group>"; };
		B931B3061658CB3B00482E22 /* OAToken.m */ = {isa = PBXFileReference; fileEncoding = 4; lastKnownFileType = sourcecode.c.objc; path = OAToken.m; sourceTree = "<group>"; };
		B931B3071658CB3B00482E22 /* OATokenManager.h */ = {isa = PBXFileReference; fileEncoding = 4; lastKnownFileType = sourcecode.c.h; path = OATokenManager.h; sourceTree = "<group>"; };
		B931B3081658CB3B00482E22 /* OATokenManager.m */ = {isa = PBXFileReference; fileEncoding = 4; lastKnownFileType = sourcecode.c.objc; path = OATokenManager.m; sourceTree = "<group>"; };
		B931B3091658CB3B00482E22 /* OAuthConsumer.h */ = {isa = PBXFileReference; fileEncoding = 4; lastKnownFileType = sourcecode.c.h; path = OAuthConsumer.h; sourceTree = "<group>"; };
		B931B31E1658CB8800482E22 /* MIT-LICENSE.txt */ = {isa = PBXFileReference; fileEncoding = 4; lastKnownFileType = text; path = "MIT-LICENSE.txt"; sourceTree = "<group>"; };
		B931B31F1658CB8800482E22 /* OARequestHeader.h */ = {isa = PBXFileReference; fileEncoding = 4; lastKnownFileType = sourcecode.c.h; path = OARequestHeader.h; sourceTree = "<group>"; };
		B931B3201658CB8800482E22 /* OARequestHeader.m */ = {isa = PBXFileReference; fileEncoding = 4; lastKnownFileType = sourcecode.c.objc; path = OARequestHeader.m; sourceTree = "<group>"; };
		B931B3211658CB8800482E22 /* README.md */ = {isa = PBXFileReference; fileEncoding = 4; lastKnownFileType = text; path = README.md; sourceTree = "<group>"; };
		B931B3381658CED400482E22 /* NSObject+SBJson.h */ = {isa = PBXFileReference; fileEncoding = 4; lastKnownFileType = sourcecode.c.h; path = "NSObject+SBJson.h"; sourceTree = "<group>"; };
		B931B3391658CED400482E22 /* NSObject+SBJson.m */ = {isa = PBXFileReference; fileEncoding = 4; lastKnownFileType = sourcecode.c.objc; path = "NSObject+SBJson.m"; sourceTree = "<group>"; };
		B931B33A1658CED400482E22 /* SBJson.h */ = {isa = PBXFileReference; fileEncoding = 4; lastKnownFileType = sourcecode.c.h; path = SBJson.h; sourceTree = "<group>"; };
		B931B33B1658CED400482E22 /* SBJsonParser.h */ = {isa = PBXFileReference; fileEncoding = 4; lastKnownFileType = sourcecode.c.h; path = SBJsonParser.h; sourceTree = "<group>"; };
		B931B33C1658CED400482E22 /* SBJsonParser.m */ = {isa = PBXFileReference; fileEncoding = 4; lastKnownFileType = sourcecode.c.objc; path = SBJsonParser.m; sourceTree = "<group>"; };
		B931B33D1658CED400482E22 /* SBJsonStreamParser.h */ = {isa = PBXFileReference; fileEncoding = 4; lastKnownFileType = sourcecode.c.h; path = SBJsonStreamParser.h; sourceTree = "<group>"; };
		B931B33E1658CED400482E22 /* SBJsonStreamParser.m */ = {isa = PBXFileReference; fileEncoding = 4; lastKnownFileType = sourcecode.c.objc; path = SBJsonStreamParser.m; sourceTree = "<group>"; };
		B931B33F1658CED400482E22 /* SBJsonStreamParserAccumulator.h */ = {isa = PBXFileReference; fileEncoding = 4; lastKnownFileType = sourcecode.c.h; path = SBJsonStreamParserAccumulator.h; sourceTree = "<group>"; };
		B931B3401658CED400482E22 /* SBJsonStreamParserAccumulator.m */ = {isa = PBXFileReference; fileEncoding = 4; lastKnownFileType = sourcecode.c.objc; path = SBJsonStreamParserAccumulator.m; sourceTree = "<group>"; };
		B931B3411658CED400482E22 /* SBJsonStreamParserAdapter.h */ = {isa = PBXFileReference; fileEncoding = 4; lastKnownFileType = sourcecode.c.h; path = SBJsonStreamParserAdapter.h; sourceTree = "<group>"; };
		B931B3421658CED400482E22 /* SBJsonStreamParserAdapter.m */ = {isa = PBXFileReference; fileEncoding = 4; lastKnownFileType = sourcecode.c.objc; path = SBJsonStreamParserAdapter.m; sourceTree = "<group>"; };
		B931B3431658CED400482E22 /* SBJsonStreamParserState.h */ = {isa = PBXFileReference; fileEncoding = 4; lastKnownFileType = sourcecode.c.h; path = SBJsonStreamParserState.h; sourceTree = "<group>"; };
		B931B3441658CED400482E22 /* SBJsonStreamParserState.m */ = {isa = PBXFileReference; fileEncoding = 4; lastKnownFileType = sourcecode.c.objc; path = SBJsonStreamParserState.m; sourceTree = "<group>"; };
		B931B3451658CED400482E22 /* SBJsonStreamWriter.h */ = {isa = PBXFileReference; fileEncoding = 4; lastKnownFileType = sourcecode.c.h; path = SBJsonStreamWriter.h; sourceTree = "<group>"; };
		B931B3461658CED400482E22 /* SBJsonStreamWriter.m */ = {isa = PBXFileReference; fileEncoding = 4; lastKnownFileType = sourcecode.c.objc; path = SBJsonStreamWriter.m; sourceTree = "<group>"; };
		B931B3471658CED400482E22 /* SBJsonStreamWriterAccumulator.h */ = {isa = PBXFileReference; fileEncoding = 4; lastKnownFileType = sourcecode.c.h; path = SBJsonStreamWriterAccumulator.h; sourceTree = "<group>"; };
		B931B3481658CED400482E22 /* SBJsonStreamWriterAccumulator.m */ = {isa = PBXFileReference; fileEncoding = 4; lastKnownFileType = sourcecode.c.objc; path = SBJsonStreamWriterAccumulator.m; sourceTree = "<group>"; };
		B931B3491658CED400482E22 /* SBJsonStreamWriterState.h */ = {isa = PBXFileReference; fileEncoding = 4; lastKnownFileType = sourcecode.c.h; path = SBJsonStreamWriterState.h; sourceTree = "<group>"; };
		B931B34A1658CED400482E22 /* SBJsonStreamWriterState.m */ = {isa = PBXFileReference; fileEncoding = 4; lastKnownFileType = sourcecode.c.objc; path = SBJsonStreamWriterState.m; sourceTree = "<group>"; };
		B931B34B1658CED400482E22 /* SBJsonTokeniser.h */ = {isa = PBXFileReference; fileEncoding = 4; lastKnownFileType = sourcecode.c.h; path = SBJsonTokeniser.h; sourceTree = "<group>"; };
		B931B34C1658CED400482E22 /* SBJsonTokeniser.m */ = {isa = PBXFileReference; fileEncoding = 4; lastKnownFileType = sourcecode.c.objc; path = SBJsonTokeniser.m; sourceTree = "<group>"; };
		B931B34D1658CED400482E22 /* SBJsonUTF8Stream.h */ = {isa = PBXFileReference; fileEncoding = 4; lastKnownFileType = sourcecode.c.h; path = SBJsonUTF8Stream.h; sourceTree = "<group>"; };
		B931B34E1658CED400482E22 /* SBJsonUTF8Stream.m */ = {isa = PBXFileReference; fileEncoding = 4; lastKnownFileType = sourcecode.c.objc; path = SBJsonUTF8Stream.m; sourceTree = "<group>"; };
		B931B34F1658CED400482E22 /* SBJsonWriter.h */ = {isa = PBXFileReference; fileEncoding = 4; lastKnownFileType = sourcecode.c.h; path = SBJsonWriter.h; sourceTree = "<group>"; };
		B931B3501658CED400482E22 /* SBJsonWriter.m */ = {isa = PBXFileReference; fileEncoding = 4; lastKnownFileType = sourcecode.c.objc; path = SBJsonWriter.m; sourceTree = "<group>"; };
		B9958206163C2167008E696C /* Twitter.framework */ = {isa = PBXFileReference; lastKnownFileType = wrapper.framework; name = Twitter.framework; path = System/Library/Frameworks/Twitter.framework; sourceTree = SDKROOT; };
		B9958209163C2189008E696C /* Accounts.framework */ = {isa = PBXFileReference; lastKnownFileType = wrapper.framework; name = Accounts.framework; path = System/Library/Frameworks/Accounts.framework; sourceTree = SDKROOT; };
		B995820F163C23F9008E696C /* TweetingViewController.h */ = {isa = PBXFileReference; lastKnownFileType = sourcecode.c.h; path = TweetingViewController.h; sourceTree = "<group>"; };
		B9958210163C23F9008E696C /* TweetingViewController.m */ = {isa = PBXFileReference; lastKnownFileType = sourcecode.c.objc; path = TweetingViewController.m; sourceTree = "<group>"; };
		B9958219163C2AE5008E696C /* FaceBookViewController.h */ = {isa = PBXFileReference; lastKnownFileType = sourcecode.c.h; path = FaceBookViewController.h; sourceTree = "<group>"; };
		B995821A163C2AE5008E696C /* FaceBookViewController.m */ = {isa = PBXFileReference; lastKnownFileType = sourcecode.c.objc; path = FaceBookViewController.m; sourceTree = "<group>"; };
		B995821C163C2E7C008E696C /* MessageUI.framework */ = {isa = PBXFileReference; lastKnownFileType = wrapper.framework; name = MessageUI.framework; path = System/Library/Frameworks/MessageUI.framework; sourceTree = SDKROOT; };
		B9958221163C2F2C008E696C /* MailViewController.h */ = {isa = PBXFileReference; fileEncoding = 4; lastKnownFileType = sourcecode.c.h; path = MailViewController.h; sourceTree = "<group>"; };
		B9958222163C2F2C008E696C /* MailViewController.m */ = {isa = PBXFileReference; fileEncoding = 4; lastKnownFileType = sourcecode.c.objc; path = MailViewController.m; sourceTree = "<group>"; };
		B9958229163C31BB008E696C /* TiwPicViewController.h */ = {isa = PBXFileReference; fileEncoding = 4; lastKnownFileType = sourcecode.c.h; path = TiwPicViewController.h; sourceTree = "<group>"; };
		B995822A163C31BB008E696C /* TiwPicViewController.m */ = {isa = PBXFileReference; fileEncoding = 4; lastKnownFileType = sourcecode.c.objc; path = TiwPicViewController.m; sourceTree = "<group>"; };
		B995822E163C3309008E696C /* GSTwitPicEngine.h */ = {isa = PBXFileReference; lastKnownFileType = sourcecode.c.h; path = GSTwitPicEngine.h; sourceTree = "<group>"; };
		B995822F163C3309008E696C /* GSTwitPicEngine.m */ = {isa = PBXFileReference; lastKnownFileType = sourcecode.c.objc; path = GSTwitPicEngine.m; sourceTree = "<group>"; };
		B9ECB9BE16589366005F5FA5 /* ActivityViewCustomProvider.h */ = {isa = PBXFileReference; fileEncoding = 4; lastKnownFileType = sourcecode.c.h; path = ActivityViewCustomProvider.h; sourceTree = "<group>"; };
		B9ECB9BF16589366005F5FA5 /* ActivityViewCustomProvider.m */ = {isa = PBXFileReference; fileEncoding = 4; lastKnownFileType = sourcecode.c.objc; path = ActivityViewCustomProvider.m; sourceTree = "<group>"; };
		B9ECB9C2165893BE005F5FA5 /* ActivityViewCustomActivity.h */ = {isa = PBXFileReference; fileEncoding = 4; lastKnownFileType = sourcecode.c.h; path = ActivityViewCustomActivity.h; sourceTree = "<group>"; };
		B9ECB9C3165893BE005F5FA5 /* ActivityViewCustomActivity.m */ = {isa = PBXFileReference; fileEncoding = 4; lastKnownFileType = sourcecode.c.objc; path = ActivityViewCustomActivity.m; sourceTree = "<group>"; };
		B9ECB9C51658A9F9005F5FA5 /* apple-touch-icon.png */ = {isa = PBXFileReference; lastKnownFileType = image.png; path = "apple-touch-icon.png"; sourceTree = "<group>"; };
		D704B7421645E5A400DBE35F /* GIF_Header.h */ = {isa = PBXFileReference; fileEncoding = 4; lastKnownFileType = sourcecode.c.h; path = GIF_Header.h; sourceTree = "<group>"; };
		D704B7431645E5A400DBE35F /* GIF_Library.h */ = {isa = PBXFileReference; fileEncoding = 4; lastKnownFileType = sourcecode.c.h; path = GIF_Library.h; sourceTree = "<group>"; };
		D704B7441645E5A400DBE35F /* GIF_Library.m */ = {isa = PBXFileReference; fileEncoding = 4; lastKnownFileType = sourcecode.c.objc; path = GIF_Library.m; sourceTree = "<group>"; };
		D768EC121658B36B00D2F362 /* Test1.gif */ = {isa = PBXFileReference; lastKnownFileType = image.gif; path = Test1.gif; sourceTree = "<group>"; };
		D768EC131658B36B00D2F362 /* Test2.gif */ = {isa = PBXFileReference; lastKnownFileType = image.gif; path = Test2.gif; sourceTree = "<group>"; };
		F25DB9531636846E00C488D5 /* ListCell.h */ = {isa = PBXFileReference; fileEncoding = 4; lastKnownFileType = sourcecode.c.h; path = ListCell.h; sourceTree = "<group>"; };
		F25DB9541636846E00C488D5 /* ListCell.m */ = {isa = PBXFileReference; fileEncoding = 4; lastKnownFileType = sourcecode.c.objc; path = ListCell.m; sourceTree = "<group>"; };
		F25DB9551636846F00C488D5 /* ListCell.xib */ = {isa = PBXFileReference; fileEncoding = 4; lastKnownFileType = file.xib; path = ListCell.xib; sourceTree = "<group>"; };
		F286BD43163566A4004395AE /* MainViewController.h */ = {isa = PBXFileReference; fileEncoding = 4; lastKnownFileType = sourcecode.c.h; path = MainViewController.h; sourceTree = "<group>"; };
		F286BD44163566A4004395AE /* MainViewController.m */ = {isa = PBXFileReference; fileEncoding = 4; lastKnownFileType = sourcecode.c.objc; path = MainViewController.m; sourceTree = "<group>"; };
		F286BD45163566A4004395AE /* MainViewController.xib */ = {isa = PBXFileReference; fileEncoding = 4; lastKnownFileType = file.xib; path = MainViewController.xib; sourceTree = "<group>"; };
		F286BD57163570D1004395AE /* GridViewController.h */ = {isa = PBXFileReference; fileEncoding = 4; lastKnownFileType = sourcecode.c.h; path = GridViewController.h; sourceTree = "<group>"; };
		F286BD58163570D2004395AE /* GridViewController.m */ = {isa = PBXFileReference; fileEncoding = 4; lastKnownFileType = sourcecode.c.objc; path = GridViewController.m; sourceTree = "<group>"; };
		F286BD59163570D2004395AE /* GridViewController.xib */ = {isa = PBXFileReference; fileEncoding = 4; lastKnownFileType = file.xib; path = GridViewController.xib; sourceTree = "<group>"; };
		F286BD60163575A6004395AE /* GIFDetailViewController.h */ = {isa = PBXFileReference; fileEncoding = 4; lastKnownFileType = sourcecode.c.h; path = GIFDetailViewController.h; sourceTree = "<group>"; };
		F286BD61163575A6004395AE /* GIFDetailViewController.m */ = {isa = PBXFileReference; fileEncoding = 4; lastKnownFileType = sourcecode.c.objc; path = GIFDetailViewController.m; sourceTree = "<group>"; };
		F286BD62163575A6004395AE /* GIFDetailViewController.xib */ = {isa = PBXFileReference; fileEncoding = 4; lastKnownFileType = file.xib; path = GIFDetailViewController.xib; sourceTree = "<group>"; };
		F286BD671635781F004395AE /* ListViewController.h */ = {isa = PBXFileReference; fileEncoding = 4; lastKnownFileType = sourcecode.c.h; path = ListViewController.h; sourceTree = "<group>"; };
		F286BD681635781F004395AE /* ListViewController.m */ = {isa = PBXFileReference; fileEncoding = 4; lastKnownFileType = sourcecode.c.objc; path = ListViewController.m; sourceTree = "<group>"; };
		F286BD691635781F004395AE /* ListViewController.xib */ = {isa = PBXFileReference; fileEncoding = 4; lastKnownFileType = file.xib; path = ListViewController.xib; sourceTree = "<group>"; };
		F2C2F92F163390E500E93A97 /* GIFViewer.app */ = {isa = PBXFileReference; explicitFileType = wrapper.application; includeInIndex = 0; path = GIFViewer.app; sourceTree = BUILT_PRODUCTS_DIR; };
		F2C2F933163390E500E93A97 /* UIKit.framework */ = {isa = PBXFileReference; lastKnownFileType = wrapper.framework; name = UIKit.framework; path = System/Library/Frameworks/UIKit.framework; sourceTree = SDKROOT; };
		F2C2F935163390E500E93A97 /* Foundation.framework */ = {isa = PBXFileReference; lastKnownFileType = wrapper.framework; name = Foundation.framework; path = System/Library/Frameworks/Foundation.framework; sourceTree = SDKROOT; };
		F2C2F937163390E500E93A97 /* CoreGraphics.framework */ = {isa = PBXFileReference; lastKnownFileType = wrapper.framework; name = CoreGraphics.framework; path = System/Library/Frameworks/CoreGraphics.framework; sourceTree = SDKROOT; };
		F2C2F93B163390E500E93A97 /* GIFViewer-Info.plist */ = {isa = PBXFileReference; lastKnownFileType = text.plist.xml; path = "GIFViewer-Info.plist"; sourceTree = "<group>"; };
		F2C2F93D163390E500E93A97 /* en */ = {isa = PBXFileReference; lastKnownFileType = text.plist.strings; name = en; path = en.lproj/InfoPlist.strings; sourceTree = "<group>"; };
		F2C2F93F163390E500E93A97 /* main.m */ = {isa = PBXFileReference; lastKnownFileType = sourcecode.c.objc; path = main.m; sourceTree = "<group>"; };
		F2C2F941163390E500E93A97 /* GIFViewer-Prefix.pch */ = {isa = PBXFileReference; lastKnownFileType = sourcecode.c.h; path = "GIFViewer-Prefix.pch"; sourceTree = "<group>"; };
		F2C2F942163390E500E93A97 /* AppDelegate.h */ = {isa = PBXFileReference; lastKnownFileType = sourcecode.c.h; path = AppDelegate.h; sourceTree = "<group>"; };
		F2C2F943163390E500E93A97 /* AppDelegate.m */ = {isa = PBXFileReference; lastKnownFileType = sourcecode.c.objc; path = AppDelegate.m; sourceTree = "<group>"; };
		F2C2F945163390E500E93A97 /* Default.png */ = {isa = PBXFileReference; lastKnownFileType = image.png; path = Default.png; sourceTree = "<group>"; };
		F2C2F947163390E500E93A97 /* Default@2x.png */ = {isa = PBXFileReference; lastKnownFileType = image.png; path = "Default@2x.png"; sourceTree = "<group>"; };
		F2C2F949163390E500E93A97 /* Default-568h@2x.png */ = {isa = PBXFileReference; lastKnownFileType = image.png; path = "Default-568h@2x.png"; sourceTree = "<group>"; };
		F2EB33421639739300293A7B /* GridCell.h */ = {isa = PBXFileReference; fileEncoding = 4; lastKnownFileType = sourcecode.c.h; path = GridCell.h; sourceTree = "<group>"; };
		F2EB33431639739300293A7B /* GridCell.m */ = {isa = PBXFileReference; fileEncoding = 4; lastKnownFileType = sourcecode.c.objc; path = GridCell.m; sourceTree = "<group>"; };
/* End PBXFileReference section */

/* Begin PBXFrameworksBuildPhase section */
		F2C2F92C163390E500E93A97 /* Frameworks */ = {
			isa = PBXFrameworksBuildPhase;
			buildActionMask = 2147483647;
			files = (
				B931B2DA1658C90B00482E22 /* libz.1.2.5.dylib in Frameworks */,
				B931B2D61658C8F400482E22 /* SystemConfiguration.framework in Frameworks */,
				B931B2D41658C8EE00482E22 /* CFNetwork.framework in Frameworks */,
				B931B2D21658C88C00482E22 /* libxml2.dylib in Frameworks */,
				B91DE65C164610640088A7E8 /* Social.framework in Frameworks */,
				7AAC8C971645FCD600555BD6 /* AssetsLibrary.framework in Frameworks */,
				B995821D163C2E7D008E696C /* MessageUI.framework in Frameworks */,
				B995820A163C2189008E696C /* Accounts.framework in Frameworks */,
				B9958207163C2167008E696C /* Twitter.framework in Frameworks */,
				7A36AC9F163BF72900DDE531 /* MobileCoreServices.framework in Frameworks */,
				F2C2F934163390E500E93A97 /* UIKit.framework in Frameworks */,
				F2C2F936163390E500E93A97 /* Foundation.framework in Frameworks */,
				F2C2F938163390E500E93A97 /* CoreGraphics.framework in Frameworks */,
			);
			runOnlyForDeploymentPostprocessing = 0;
		};
/* End PBXFrameworksBuildPhase section */

/* Begin PBXGroup section */
		7A19D9B8164606E100B414FB /* Classes */ = {
			isa = PBXGroup;
			children = (
				7A19D9B9164606E100B414FB /* ELCAlbumPickerController.h */,
				7A19D9BA164606E100B414FB /* ELCAlbumPickerController.m */,
				7A19D9BB164606E100B414FB /* ELCAlbumPickerController.xib */,
				7A19D9BC164606E100B414FB /* ELCAsset.h */,
				7A19D9BD164606E100B414FB /* ELCAsset.m */,
				7A19D9BE164606E100B414FB /* ELCAssetCell.h */,
				7A19D9BF164606E100B414FB /* ELCAssetCell.m */,
				7A19D9C0164606E100B414FB /* ELCAssetPicker.xib */,
				7A19D9C1164606E100B414FB /* ELCAssetTablePicker.h */,
				7A19D9C2164606E100B414FB /* ELCAssetTablePicker.m */,
				7A19D9C3164606E100B414FB /* ELCAssetTablePicker.xib */,
				7A19D9C4164606E100B414FB /* ELCImagePickerController.h */,
				7A19D9C5164606E100B414FB /* ELCImagePickerController.m */,
				7A19D9C6164606E100B414FB /* ELCImagePickerController.xib */,
				7A19D9C7164606E100B414FB /* ELCImagePickerDemoAppDelegate.h */,
				7A19D9C8164606E100B414FB /* ELCImagePickerDemoAppDelegate.m */,
				7A19D9C9164606E100B414FB /* ELCImagePickerDemoViewController.h */,
				7A19D9CA164606E100B414FB /* ELCImagePickerDemoViewController.m */,
				7A19D9CB164606E100B414FB /* ELCUtil.h */,
				7A19D9CC164606E100B414FB /* ELCUtil.m */,
				7A19D9CD164606E100B414FB /* Overlay.png */,
				7A19D9CE164606E100B414FB /* Overlay@2x.png */,
			);
			path = Classes;
			sourceTree = "<group>";
		};
		7A36AC97163BF28D00DDE531 /* 기명 */ = {
			isa = PBXGroup;
			children = (
				7A19D9B8164606E100B414FB /* Classes */,
				7A19D9CF164606E100B414FB /* ELCImagePickerDemoViewController.xib */,
				7A36AC99163BF2DE00DDE531 /* GifLoadViewController.h */,
				7A36AC9A163BF2DE00DDE531 /* GifLoadViewController.m */,
				7A36AC9B163BF2DE00DDE531 /* GifLoadViewController.xib */,
			);
			name = "기명";
			sourceTree = "<group>";
		};
		B91DE64D16460A990088A7E8 /* SMS */ = {
			isa = PBXGroup;
			children = (
				B91DE65916460ED80088A7E8 /* MessageComposerViewController.xib */,
				B91DE65616460D9C0088A7E8 /* MessageComposerViewController.h */,
				B91DE65716460D9C0088A7E8 /* MessageComposerViewController.m */,
			);
			name = SMS;
			sourceTree = "<group>";
		};
		B931B2551658C70600482E22 /* ASI_Classes */ = {
			isa = PBXGroup;
			children = (
				B931B2761658C84D00482E22 /* ASIWebPageRequest */,
				B931B2791658C84D00482E22 /* CloudFiles */,
				B931B2881658C84D00482E22 /* S3 */,
				B931B2561658C70600482E22 /* ASIAuthenticationDialog.h */,
				B931B2571658C70600482E22 /* ASIAuthenticationDialog.m */,
				B931B2581658C70600482E22 /* ASICacheDelegate.h */,
				B931B2591658C70600482E22 /* ASIDataCompressor.h */,
				B931B25A1658C70600482E22 /* ASIDataCompressor.m */,
				B931B25B1658C70600482E22 /* ASIDataDecompressor.h */,
				B931B25C1658C70600482E22 /* ASIDataDecompressor.m */,
				B931B25D1658C70600482E22 /* ASIDownloadCache.h */,
				B931B25E1658C70600482E22 /* ASIDownloadCache.m */,
				B931B25F1658C70600482E22 /* ASIFormDataRequest.h */,
				B931B2601658C70600482E22 /* ASIFormDataRequest.m */,
				B931B2611658C70600482E22 /* ASIHTTPRequest.h */,
				B931B2621658C70600482E22 /* ASIHTTPRequest.m */,
				B931B2631658C70600482E22 /* ASIHTTPRequestConfig.h */,
				B931B2641658C70600482E22 /* ASIHTTPRequestDelegate.h */,
				B931B2651658C70600482E22 /* ASIInputStream.h */,
				B931B2661658C70600482E22 /* ASIInputStream.m */,
				B931B2671658C70600482E22 /* ASINetworkQueue.h */,
				B931B2681658C70600482E22 /* ASINetworkQueue.m */,
				B931B2691658C70600482E22 /* ASIProgressDelegate.h */,
			);
			path = ASI_Classes;
			sourceTree = "<group>";
		};
		B931B2721658C80C00482E22 /* Reachability */ = {
			isa = PBXGroup;
			children = (
				B931B2731658C80C00482E22 /* Reachability.h */,
				B931B2741658C80C00482E22 /* Reachability.m */,
			);
			path = Reachability;
			sourceTree = "<group>";
		};
		B931B2761658C84D00482E22 /* ASIWebPageRequest */ = {
			isa = PBXGroup;
			children = (
				B931B2771658C84D00482E22 /* ASIWebPageRequest.h */,
				B931B2781658C84D00482E22 /* ASIWebPageRequest.m */,
			);
			path = ASIWebPageRequest;
			sourceTree = "<group>";
		};
		B931B2791658C84D00482E22 /* CloudFiles */ = {
			isa = PBXGroup;
			children = (
				B931B27A1658C84D00482E22 /* ASICloudFilesCDNRequest.h */,
				B931B27B1658C84D00482E22 /* ASICloudFilesCDNRequest.m */,
				B931B27C1658C84D00482E22 /* ASICloudFilesContainer.h */,
				B931B27D1658C84D00482E22 /* ASICloudFilesContainer.m */,
				B931B27E1658C84D00482E22 /* ASICloudFilesContainerRequest.h */,
				B931B27F1658C84D00482E22 /* ASICloudFilesContainerRequest.m */,
				B931B2801658C84D00482E22 /* ASICloudFilesContainerXMLParserDelegate.h */,
				B931B2811658C84D00482E22 /* ASICloudFilesContainerXMLParserDelegate.m */,
				B931B2821658C84D00482E22 /* ASICloudFilesObject.h */,
				B931B2831658C84D00482E22 /* ASICloudFilesObject.m */,
				B931B2841658C84D00482E22 /* ASICloudFilesObjectRequest.h */,
				B931B2851658C84D00482E22 /* ASICloudFilesObjectRequest.m */,
				B931B2861658C84D00482E22 /* ASICloudFilesRequest.h */,
				B931B2871658C84D00482E22 /* ASICloudFilesRequest.m */,
			);
			path = CloudFiles;
			sourceTree = "<group>";
		};
		B931B2881658C84D00482E22 /* S3 */ = {
			isa = PBXGroup;
			children = (
				B931B2891658C84D00482E22 /* ASINSXMLParserCompat.h */,
				B931B28A1658C84D00482E22 /* ASIS3Bucket.h */,
				B931B28B1658C84D00482E22 /* ASIS3Bucket.m */,
				B931B28C1658C84D00482E22 /* ASIS3BucketObject.h */,
				B931B28D1658C84D00482E22 /* ASIS3BucketObject.m */,
				B931B28E1658C84D00482E22 /* ASIS3BucketRequest.h */,
				B931B28F1658C84D00482E22 /* ASIS3BucketRequest.m */,
				B931B2901658C84D00482E22 /* ASIS3ObjectRequest.h */,
				B931B2911658C84D00482E22 /* ASIS3ObjectRequest.m */,
				B931B2921658C84D00482E22 /* ASIS3Request.h */,
				B931B2931658C84D00482E22 /* ASIS3Request.m */,
				B931B2941658C84D00482E22 /* ASIS3ServiceRequest.h */,
				B931B2951658C84D00482E22 /* ASIS3ServiceRequest.m */,
			);
			path = S3;
			sourceTree = "<group>";
		};
		B931B2DD1658CA6E00482E22 /* GHUnit */ = {
			isa = PBXGroup;
			children = (
				B931B2DE1658CA6E00482E22 /* README-GHUnit */,
			);
			path = GHUnit;
			sourceTree = "<group>";
		};
		B931B2E01658CB3B00482E22 /* oauthconsumer-master */ = {
			isa = PBXGroup;
			children = (
				B931B2E11658CB3B00482E22 /* Categories */,
				B931B2E81658CB3B00482E22 /* Crypto */,
				B931B2EF1658CB3B00482E22 /* OAAttachment.h */,
				B931B2F01658CB3B00482E22 /* OAAttachment.m */,
				B931B2F11658CB3B00482E22 /* OACall.h */,
				B931B2F21658CB3B00482E22 /* OACall.m */,
				B931B2F31658CB3B00482E22 /* OAConsumer.h */,
				B931B2F41658CB3B00482E22 /* OAConsumer.m */,
				B931B2F51658CB3B00482E22 /* OADataFetcher.h */,
				B931B2F61658CB3B00482E22 /* OADataFetcher.m */,
				B931B2F71658CB3B00482E22 /* OAHMAC_SHA1SignatureProvider.h */,
				B931B2F81658CB3B00482E22 /* OAHMAC_SHA1SignatureProvider.m */,
				B931B2F91658CB3B00482E22 /* OAMutableURLRequest.h */,
				B931B2FA1658CB3B00482E22 /* OAMutableURLRequest.m */,
				B931B2FB1658CB3B00482E22 /* OAPlaintextSignatureProvider.h */,
				B931B2FC1658CB3B00482E22 /* OAPlaintextSignatureProvider.m */,
				B931B2FD1658CB3B00482E22 /* OAProblem.h */,
				B931B2FE1658CB3B00482E22 /* OAProblem.m */,
				B931B2FF1658CB3B00482E22 /* OARequestParameter.h */,
				B931B3001658CB3B00482E22 /* OARequestParameter.m */,
				B931B3011658CB3B00482E22 /* OAServiceTicket.h */,
				B931B3021658CB3B00482E22 /* OAServiceTicket.m */,
				B931B3031658CB3B00482E22 /* OASignatureProviding.h */,
				B931B3041658CB3B00482E22 /* OATestServer.rb */,
				B931B3051658CB3B00482E22 /* OAToken.h */,
				B931B3061658CB3B00482E22 /* OAToken.m */,
				B931B3071658CB3B00482E22 /* OATokenManager.h */,
				B931B3081658CB3B00482E22 /* OATokenManager.m */,
				B931B3091658CB3B00482E22 /* OAuthConsumer.h */,
			);
			path = "oauthconsumer-master";
			sourceTree = "<group>";
		};
		B931B2E11658CB3B00482E22 /* Categories */ = {
			isa = PBXGroup;
			children = (
				B931B2E21658CB3B00482E22 /* NSMutableURLRequest+Parameters.h */,
				B931B2E31658CB3B00482E22 /* NSMutableURLRequest+Parameters.m */,
				B931B2E41658CB3B00482E22 /* NSString+URLEncoding.h */,
				B931B2E51658CB3B00482E22 /* NSString+URLEncoding.m */,
				B931B2E61658CB3B00482E22 /* NSURL+Base.h */,
				B931B2E71658CB3B00482E22 /* NSURL+Base.m */,
			);
			path = Categories;
			sourceTree = "<group>";
		};
		B931B2E81658CB3B00482E22 /* Crypto */ = {
			isa = PBXGroup;
			children = (
				B931B2E91658CB3B00482E22 /* Base64Transcoder.c */,
				B931B2EA1658CB3B00482E22 /* Base64Transcoder.h */,
				B931B2EB1658CB3B00482E22 /* hmac.c */,
				B931B2EC1658CB3B00482E22 /* hmac.h */,
				B931B2ED1658CB3B00482E22 /* sha1.c */,
				B931B2EE1658CB3B00482E22 /* sha1.h */,
			);
			path = Crypto;
			sourceTree = "<group>";
		};
		B931B31D1658CB8800482E22 /* OARequestHeader-master */ = {
			isa = PBXGroup;
			children = (
				B931B31E1658CB8800482E22 /* MIT-LICENSE.txt */,
				B931B31F1658CB8800482E22 /* OARequestHeader.h */,
				B931B3201658CB8800482E22 /* OARequestHeader.m */,
				B931B3211658CB8800482E22 /* README.md */,
			);
			path = "OARequestHeader-master";
			sourceTree = "<group>";
		};
		B931B3251658CC4400482E22 /* lib */ = {
			isa = PBXGroup;
			children = (
				B931B3371658CED400482E22 /* SBJson */,
				B931B31D1658CB8800482E22 /* OARequestHeader-master */,
				B931B2E01658CB3B00482E22 /* oauthconsumer-master */,
				B931B2DD1658CA6E00482E22 /* GHUnit */,
				B931B2721658C80C00482E22 /* Reachability */,
				B931B2551658C70600482E22 /* ASI_Classes */,
			);
			name = lib;
			sourceTree = "<group>";
		};
		B931B3371658CED400482E22 /* SBJson */ = {
			isa = PBXGroup;
			children = (
				B931B3381658CED400482E22 /* NSObject+SBJson.h */,
				B931B3391658CED400482E22 /* NSObject+SBJson.m */,
				B931B33A1658CED400482E22 /* SBJson.h */,
				B931B33B1658CED400482E22 /* SBJsonParser.h */,
				B931B33C1658CED400482E22 /* SBJsonParser.m */,
				B931B33D1658CED400482E22 /* SBJsonStreamParser.h */,
				B931B33E1658CED400482E22 /* SBJsonStreamParser.m */,
				B931B33F1658CED400482E22 /* SBJsonStreamParserAccumulator.h */,
				B931B3401658CED400482E22 /* SBJsonStreamParserAccumulator.m */,
				B931B3411658CED400482E22 /* SBJsonStreamParserAdapter.h */,
				B931B3421658CED400482E22 /* SBJsonStreamParserAdapter.m */,
				B931B3431658CED400482E22 /* SBJsonStreamParserState.h */,
				B931B3441658CED400482E22 /* SBJsonStreamParserState.m */,
				B931B3451658CED400482E22 /* SBJsonStreamWriter.h */,
				B931B3461658CED400482E22 /* SBJsonStreamWriter.m */,
				B931B3471658CED400482E22 /* SBJsonStreamWriterAccumulator.h */,
				B931B3481658CED400482E22 /* SBJsonStreamWriterAccumulator.m */,
				B931B3491658CED400482E22 /* SBJsonStreamWriterState.h */,
				B931B34A1658CED400482E22 /* SBJsonStreamWriterState.m */,
				B931B34B1658CED400482E22 /* SBJsonTokeniser.h */,
				B931B34C1658CED400482E22 /* SBJsonTokeniser.m */,
				B931B34D1658CED400482E22 /* SBJsonUTF8Stream.h */,
				B931B34E1658CED400482E22 /* SBJsonUTF8Stream.m */,
				B931B34F1658CED400482E22 /* SBJsonWriter.h */,
				B931B3501658CED400482E22 /* SBJsonWriter.m */,
			);
			path = SBJson;
			sourceTree = "<group>";
		};
		B98EEB2D1658843200C643D0 /* TestFile */ = {
			isa = PBXGroup;
			children = (
				D768EC121658B36B00D2F362 /* Test1.gif */,
				D768EC131658B36B00D2F362 /* Test2.gif */,
				B9ECB9C51658A9F9005F5FA5 /* apple-touch-icon.png */,
			);
			name = TestFile;
			sourceTree = "<group>";
		};
		B995820B163C21D6008E696C /* 초란 */ = {
			isa = PBXGroup;
			children = (
				B91DE64D16460A990088A7E8 /* SMS */,
				B995821E163C2EAE008E696C /* Mail */,
				B995820C163C2225008E696C /* SNS */,
				B9ECB9BE16589366005F5FA5 /* ActivityViewCustomProvider.h */,
				B9ECB9BF16589366005F5FA5 /* ActivityViewCustomProvider.m */,
				B9ECB9C2165893BE005F5FA5 /* ActivityViewCustomActivity.h */,
				B9ECB9C3165893BE005F5FA5 /* ActivityViewCustomActivity.m */,
			);
			name = "초란";
			sourceTree = "<group>";
		};
		B995820C163C2225008E696C /* SNS */ = {
			isa = PBXGroup;
			children = (
				B9958228163C31A7008E696C /* twitpic */,
				B995820E163C223A008E696C /* twitter */,
				B995820D163C222C008E696C /* facebook */,
			);
			name = SNS;
			sourceTree = "<group>";
		};
		B995820D163C222C008E696C /* facebook */ = {
			isa = PBXGroup;
			children = (
				B9958219163C2AE5008E696C /* FaceBookViewController.h */,
				B995821A163C2AE5008E696C /* FaceBookViewController.m */,
			);
			name = facebook;
			sourceTree = "<group>";
		};
		B995820E163C223A008E696C /* twitter */ = {
			isa = PBXGroup;
			children = (
				B995820F163C23F9008E696C /* TweetingViewController.h */,
				B9958210163C23F9008E696C /* TweetingViewController.m */,
			);
			name = twitter;
			sourceTree = "<group>";
		};
		B995821E163C2EAE008E696C /* Mail */ = {
			isa = PBXGroup;
			children = (
				B9958221163C2F2C008E696C /* MailViewController.h */,
				B9958222163C2F2C008E696C /* MailViewController.m */,
			);
			name = Mail;
			sourceTree = "<group>";
		};
		B9958228163C31A7008E696C /* twitpic */ = {
			isa = PBXGroup;
			children = (
				B98EEB2D1658843200C643D0 /* TestFile */,
				B931B3251658CC4400482E22 /* lib */,
				B995822E163C3309008E696C /* GSTwitPicEngine.h */,
				B995822F163C3309008E696C /* GSTwitPicEngine.m */,
				B9958229163C31BB008E696C /* TiwPicViewController.h */,
				B995822A163C31BB008E696C /* TiwPicViewController.m */,
			);
			name = twitpic;
			sourceTree = "<group>";
		};
		F286BD6516357690004395AE /* 태상 */ = {
			isa = PBXGroup;
			children = (
				D704B7421645E5A400DBE35F /* GIF_Header.h */,
				D704B7431645E5A400DBE35F /* GIF_Library.h */,
				D704B7441645E5A400DBE35F /* GIF_Library.m */,
				F286BD60163575A6004395AE /* GIFDetailViewController.h */,
				F286BD61163575A6004395AE /* GIFDetailViewController.m */,
				F286BD62163575A6004395AE /* GIFDetailViewController.xib */,
			);
			name = "태상";
			sourceTree = "<group>";
		};
		F286BD661635769D004395AE /* 원석 */ = {
			isa = PBXGroup;
			children = (
				F286BD57163570D1004395AE /* GridViewController.h */,
				F286BD58163570D2004395AE /* GridViewController.m */,
				F286BD59163570D2004395AE /* GridViewController.xib */,
				F2EB33421639739300293A7B /* GridCell.h */,
				F2EB33431639739300293A7B /* GridCell.m */,
			);
			name = "원석";
			sourceTree = "<group>";
		};
		F286BD6C1635782A004395AE /* 진원 */ = {
			isa = PBXGroup;
			children = (
				F286BD671635781F004395AE /* ListViewController.h */,
				F286BD681635781F004395AE /* ListViewController.m */,
				F286BD691635781F004395AE /* ListViewController.xib */,
				F25DB9531636846E00C488D5 /* ListCell.h */,
				F25DB9541636846E00C488D5 /* ListCell.m */,
				F25DB9551636846F00C488D5 /* ListCell.xib */,
			);
			name = "진원";
			sourceTree = "<group>";
		};
		F2C2F924163390E500E93A97 = {
			isa = PBXGroup;
			children = (
				F2C2F939163390E500E93A97 /* GIFViewer */,
				F2C2F932163390E500E93A97 /* Frameworks */,
				F2C2F930163390E500E93A97 /* Products */,
			);
			sourceTree = "<group>";
		};
		F2C2F930163390E500E93A97 /* Products */ = {
			isa = PBXGroup;
			children = (
				F2C2F92F163390E500E93A97 /* GIFViewer.app */,
			);
			name = Products;
			sourceTree = "<group>";
		};
		F2C2F932163390E500E93A97 /* Frameworks */ = {
			isa = PBXGroup;
			children = (
				B931B2D11658C88C00482E22 /* libxml2.dylib */,
				B931B2D91658C90B00482E22 /* libz.1.2.5.dylib */,
				B931B2D51658C8F400482E22 /* SystemConfiguration.framework */,
				B931B2D31658C8EE00482E22 /* CFNetwork.framework */,
				B91DE65B164610640088A7E8 /* Social.framework */,
				7AAC8C961645FCD600555BD6 /* AssetsLibrary.framework */,
				B995821C163C2E7C008E696C /* MessageUI.framework */,
				B9958209163C2189008E696C /* Accounts.framework */,
				B9958206163C2167008E696C /* Twitter.framework */,
				7A36AC9E163BF72900DDE531 /* MobileCoreServices.framework */,
				F2C2F933163390E500E93A97 /* UIKit.framework */,
				F2C2F935163390E500E93A97 /* Foundation.framework */,
				F2C2F937163390E500E93A97 /* CoreGraphics.framework */,
			);
			name = Frameworks;
			sourceTree = "<group>";
		};
		F2C2F939163390E500E93A97 /* GIFViewer */ = {
			isa = PBXGroup;
			children = (
				B995820B163C21D6008E696C /* 초란 */,
				7A36AC97163BF28D00DDE531 /* 기명 */,
				F2C2F942163390E500E93A97 /* AppDelegate.h */,
				F2C2F943163390E500E93A97 /* AppDelegate.m */,
				F286BD43163566A4004395AE /* MainViewController.h */,
				F286BD44163566A4004395AE /* MainViewController.m */,
				F286BD45163566A4004395AE /* MainViewController.xib */,
				F286BD6C1635782A004395AE /* 진원 */,
				F286BD661635769D004395AE /* 원석 */,
				F286BD6516357690004395AE /* 태상 */,
				F2C2F93A163390E500E93A97 /* Supporting Files */,
			);
			path = GIFViewer;
			sourceTree = "<group>";
		};
		F2C2F93A163390E500E93A97 /* Supporting Files */ = {
			isa = PBXGroup;
			children = (
				F2C2F93B163390E500E93A97 /* GIFViewer-Info.plist */,
				F2C2F93C163390E500E93A97 /* InfoPlist.strings */,
				F2C2F93F163390E500E93A97 /* main.m */,
				F2C2F941163390E500E93A97 /* GIFViewer-Prefix.pch */,
				F2C2F945163390E500E93A97 /* Default.png */,
				F2C2F947163390E500E93A97 /* Default@2x.png */,
				F2C2F949163390E500E93A97 /* Default-568h@2x.png */,
			);
			name = "Supporting Files";
			sourceTree = "<group>";
		};
/* End PBXGroup section */

/* Begin PBXNativeTarget section */
		F2C2F92E163390E500E93A97 /* GIFViewer */ = {
			isa = PBXNativeTarget;
			buildConfigurationList = F2C2F94D163390E500E93A97 /* Build configuration list for PBXNativeTarget "GIFViewer" */;
			buildPhases = (
				F2C2F92B163390E500E93A97 /* Sources */,
				F2C2F92C163390E500E93A97 /* Frameworks */,
				F2C2F92D163390E500E93A97 /* Resources */,
			);
			buildRules = (
			);
			dependencies = (
			);
			name = GIFViewer;
			productName = GIFViewer;
			productReference = F2C2F92F163390E500E93A97 /* GIFViewer.app */;
			productType = "com.apple.product-type.application";
		};
/* End PBXNativeTarget section */

/* Begin PBXProject section */
		F2C2F926163390E500E93A97 /* Project object */ = {
			isa = PBXProject;
			attributes = {
				LastUpgradeCheck = 0450;
				ORGANIZATIONNAME = "양원석";
			};
			buildConfigurationList = F2C2F929163390E500E93A97 /* Build configuration list for PBXProject "GIFViewer" */;
			compatibilityVersion = "Xcode 3.2";
			developmentRegion = English;
			hasScannedForEncodings = 0;
			knownRegions = (
				en,
			);
			mainGroup = F2C2F924163390E500E93A97;
			productRefGroup = F2C2F930163390E500E93A97 /* Products */;
			projectDirPath = "";
			projectRoot = "";
			targets = (
				F2C2F92E163390E500E93A97 /* GIFViewer */,
			);
		};
/* End PBXProject section */

/* Begin PBXResourcesBuildPhase section */
		F2C2F92D163390E500E93A97 /* Resources */ = {
			isa = PBXResourcesBuildPhase;
			buildActionMask = 2147483647;
			files = (
				F2C2F93E163390E500E93A97 /* InfoPlist.strings in Resources */,
				F2C2F946163390E500E93A97 /* Default.png in Resources */,
				F2C2F948163390E500E93A97 /* Default@2x.png in Resources */,
				F2C2F94A163390E500E93A97 /* Default-568h@2x.png in Resources */,
				F286BD47163566A4004395AE /* MainViewController.xib in Resources */,
				F286BD5B163570D2004395AE /* GridViewController.xib in Resources */,
				F286BD64163575A7004395AE /* GIFDetailViewController.xib in Resources */,
				F286BD6B1635781F004395AE /* ListViewController.xib in Resources */,
				F25DB9571636846F00C488D5 /* ListCell.xib in Resources */,
				7A36AC9D163BF2DE00DDE531 /* GifLoadViewController.xib in Resources */,
				7A19D9D1164606E100B414FB /* ELCAlbumPickerController.xib in Resources */,
				7A19D9D4164606E100B414FB /* ELCAssetPicker.xib in Resources */,
				7A19D9D6164606E100B414FB /* ELCAssetTablePicker.xib in Resources */,
				7A19D9D8164606E200B414FB /* ELCImagePickerController.xib in Resources */,
				7A19D9DC164606E200B414FB /* Overlay.png in Resources */,
				7A19D9DD164606E200B414FB /* Overlay@2x.png in Resources */,
				7A19D9DE164606E200B414FB /* ELCImagePickerDemoViewController.xib in Resources */,
				B91DE65A16460ED80088A7E8 /* MessageComposerViewController.xib in Resources */,
				B9ECB9C61658A9F9005F5FA5 /* apple-touch-icon.png in Resources */,
				D768EC141658B36B00D2F362 /* Test1.gif in Resources */,
				D768EC151658B36B00D2F362 /* Test2.gif in Resources */,
				B9ECB9C61658A9F9005F5FA5 /* apple-touch-icon.png in Resources */,
				B931B2DF1658CA6E00482E22 /* README-GHUnit in Resources */,
				B931B31A1658CB3C00482E22 /* OATestServer.rb in Resources */,
				B931B3221658CB8800482E22 /* MIT-LICENSE.txt in Resources */,
				B931B3241658CB8800482E22 /* README.md in Resources */,
			);
			runOnlyForDeploymentPostprocessing = 0;
		};
/* End PBXResourcesBuildPhase section */

/* Begin PBXSourcesBuildPhase section */
		F2C2F92B163390E500E93A97 /* Sources */ = {
			isa = PBXSourcesBuildPhase;
			buildActionMask = 2147483647;
			files = (
				F2C2F940163390E500E93A97 /* main.m in Sources */,
				F2C2F944163390E500E93A97 /* AppDelegate.m in Sources */,
				F286BD46163566A4004395AE /* MainViewController.m in Sources */,
				F286BD5A163570D2004395AE /* GridViewController.m in Sources */,
				F286BD63163575A7004395AE /* GIFDetailViewController.m in Sources */,
				F286BD6A1635781F004395AE /* ListViewController.m in Sources */,
				F25DB9561636846F00C488D5 /* ListCell.m in Sources */,
				F2EB33441639739300293A7B /* GridCell.m in Sources */,
				7A36AC9C163BF2DE00DDE531 /* GifLoadViewController.m in Sources */,
				B9958223163C2F2C008E696C /* MailViewController.m in Sources */,
				B995822B163C31BB008E696C /* TiwPicViewController.m in Sources */,
				D704B7461645E5A400DBE35F /* GIF_Library.m in Sources */,
				7A19D9D0164606E100B414FB /* ELCAlbumPickerController.m in Sources */,
				7A19D9D2164606E100B414FB /* ELCAsset.m in Sources */,
				7A19D9D3164606E100B414FB /* ELCAssetCell.m in Sources */,
				7A19D9D5164606E100B414FB /* ELCAssetTablePicker.m in Sources */,
				7A19D9D7164606E100B414FB /* ELCImagePickerController.m in Sources */,
				B931B26C1658C70600482E22 /* ASIDataDecompressor.m in Sources */,
				7A19D9D9164606E200B414FB /* ELCImagePickerDemoAppDelegate.m in Sources */,
				7A19D9DA164606E200B414FB /* ELCImagePickerDemoViewController.m in Sources */,
				7A19D9DB164606E200B414FB /* ELCUtil.m in Sources */,
				B9ECB9C016589366005F5FA5 /* ActivityViewCustomProvider.m in Sources */,
				B9ECB9C4165893BE005F5FA5 /* ActivityViewCustomActivity.m in Sources */,
				B931B26A1658C70600482E22 /* ASIAuthenticationDialog.m in Sources */,
				B931B26B1658C70600482E22 /* ASIDataCompressor.m in Sources */,
				B931B26D1658C70600482E22 /* ASIDownloadCache.m in Sources */,
				B931B26E1658C70600482E22 /* ASIFormDataRequest.m in Sources */,
				B931B26F1658C70600482E22 /* ASIHTTPRequest.m in Sources */,
				B931B2701658C70600482E22 /* ASIInputStream.m in Sources */,
				B931B2711658C70600482E22 /* ASINetworkQueue.m in Sources */,
				B931B2751658C80C00482E22 /* Reachability.m in Sources */,
				B931B2B41658C84D00482E22 /* ASIWebPageRequest.m in Sources */,
				B931B2B51658C84D00482E22 /* ASICloudFilesCDNRequest.m in Sources */,
				B931B2B61658C84D00482E22 /* ASICloudFilesContainer.m in Sources */,
				B931B2B71658C84D00482E22 /* ASICloudFilesContainerRequest.m in Sources */,
				B931B2B81658C84D00482E22 /* ASICloudFilesContainerXMLParserDelegate.m in Sources */,
				B931B2B91658C84D00482E22 /* ASICloudFilesObject.m in Sources */,
				B931B2BA1658C84D00482E22 /* ASICloudFilesObjectRequest.m in Sources */,
				B931B2BB1658C84D00482E22 /* ASICloudFilesRequest.m in Sources */,
				B931B2BC1658C84D00482E22 /* ASIS3Bucket.m in Sources */,
				B931B2BD1658C84D00482E22 /* ASIS3BucketObject.m in Sources */,
				B931B2BE1658C84D00482E22 /* ASIS3BucketRequest.m in Sources */,
				B931B2BF1658C84D00482E22 /* ASIS3ObjectRequest.m in Sources */,
				B931B2C01658C84D00482E22 /* ASIS3Request.m in Sources */,
				B931B2C11658C84D00482E22 /* ASIS3ServiceRequest.m in Sources */,
				B931B30A1658CB3B00482E22 /* NSMutableURLRequest+Parameters.m in Sources */,
				B931B30B1658CB3B00482E22 /* NSString+URLEncoding.m in Sources */,
				B931B30C1658CB3B00482E22 /* NSURL+Base.m in Sources */,
				B931B30D1658CB3B00482E22 /* Base64Transcoder.c in Sources */,
				B931B30E1658CB3C00482E22 /* hmac.c in Sources */,
				B931B30F1658CB3C00482E22 /* sha1.c in Sources */,
				B931B3101658CB3C00482E22 /* OAAttachment.m in Sources */,
				B931B3111658CB3C00482E22 /* OACall.m in Sources */,
				B931B3121658CB3C00482E22 /* OAConsumer.m in Sources */,
				B931B3131658CB3C00482E22 /* OADataFetcher.m in Sources */,
				B931B3141658CB3C00482E22 /* OAHMAC_SHA1SignatureProvider.m in Sources */,
				B931B3151658CB3C00482E22 /* OAMutableURLRequest.m in Sources */,
				B931B3161658CB3C00482E22 /* OAPlaintextSignatureProvider.m in Sources */,
				B931B3171658CB3C00482E22 /* OAProblem.m in Sources */,
				B931B3181658CB3C00482E22 /* OARequestParameter.m in Sources */,
				B931B3191658CB3C00482E22 /* OAServiceTicket.m in Sources */,
				B931B31B1658CB3C00482E22 /* OAToken.m in Sources */,
				B931B31C1658CB3C00482E22 /* OATokenManager.m in Sources */,
				B931B3231658CB8800482E22 /* OARequestHeader.m in Sources */,
				B931B3511658CED400482E22 /* NSObject+SBJson.m in Sources */,
				B931B3521658CED400482E22 /* SBJsonParser.m in Sources */,
				B931B3531658CED400482E22 /* SBJsonStreamParser.m in Sources */,
				B931B3541658CED400482E22 /* SBJsonStreamParserAccumulator.m in Sources */,
				B931B3551658CED400482E22 /* SBJsonStreamParserAdapter.m in Sources */,
				B931B3561658CED400482E22 /* SBJsonStreamParserState.m in Sources */,
				B931B3571658CED400482E22 /* SBJsonStreamWriter.m in Sources */,
				B931B3581658CED400482E22 /* SBJsonStreamWriterAccumulator.m in Sources */,
				B931B3591658CED400482E22 /* SBJsonStreamWriterState.m in Sources */,
				B931B35A1658CED400482E22 /* SBJsonTokeniser.m in Sources */,
				B931B35B1658CED400482E22 /* SBJsonUTF8Stream.m in Sources */,
				B931B35C1658CED400482E22 /* SBJsonWriter.m in Sources */,
			);
			runOnlyForDeploymentPostprocessing = 0;
		};
/* End PBXSourcesBuildPhase section */

/* Begin PBXVariantGroup section */
		F2C2F93C163390E500E93A97 /* InfoPlist.strings */ = {
			isa = PBXVariantGroup;
			children = (
				F2C2F93D163390E500E93A97 /* en */,
			);
			name = InfoPlist.strings;
			sourceTree = "<group>";
		};
/* End PBXVariantGroup section */

/* Begin XCBuildConfiguration section */
		F2C2F94B163390E500E93A97 /* Debug */ = {
			isa = XCBuildConfiguration;
			buildSettings = {
				ALWAYS_SEARCH_USER_PATHS = YES;
				CLANG_CXX_LANGUAGE_STANDARD = "gnu++0x";
				CLANG_CXX_LIBRARY = "libc++";
				CLANG_ENABLE_OBJC_ARC = YES;
				CLANG_WARN_EMPTY_BODY = YES;
				CLANG_WARN__DUPLICATE_METHOD_MATCH = YES;
				CODE_SIGN_IDENTITY = "";
				"CODE_SIGN_IDENTITY[sdk=iphoneos*]" = "iPhone Developer: Ki Myoung Lee (J3984MMU49)";
				COPY_PHASE_STRIP = NO;
				GCC_C_LANGUAGE_STANDARD = gnu99;
				GCC_DYNAMIC_NO_PIC = NO;
				GCC_OPTIMIZATION_LEVEL = 0;
				GCC_PREPROCESSOR_DEFINITIONS = (
					"DEBUG=1",
					"$(inherited)",
				);
				GCC_SYMBOLS_PRIVATE_EXTERN = NO;
				GCC_WARN_ABOUT_RETURN_TYPE = YES;
				GCC_WARN_UNINITIALIZED_AUTOS = YES;
				GCC_WARN_UNUSED_VARIABLE = YES;
				IPHONEOS_DEPLOYMENT_TARGET = 6.0;
				ONLY_ACTIVE_ARCH = YES;
				"PROVISIONING_PROFILE[sdk=iphoneos*]" = "87246B79-64F3-4323-9B88-797B8F220AD2";
				SDKROOT = iphoneos;
				USER_HEADER_SEARCH_PATHS = "${SDKROOT}/usr/include/libxml2";
			};
			name = Debug;
		};
		F2C2F94C163390E500E93A97 /* Release */ = {
			isa = XCBuildConfiguration;
			buildSettings = {
				ALWAYS_SEARCH_USER_PATHS = YES;
				CLANG_CXX_LANGUAGE_STANDARD = "gnu++0x";
				CLANG_CXX_LIBRARY = "libc++";
				CLANG_ENABLE_OBJC_ARC = YES;
				CLANG_WARN_EMPTY_BODY = YES;
				CLANG_WARN__DUPLICATE_METHOD_MATCH = YES;
				CODE_SIGN_IDENTITY = "";
				"CODE_SIGN_IDENTITY[sdk=iphoneos*]" = "iPhone Developer: Ki Myoung Lee (J3984MMU49)";
				COPY_PHASE_STRIP = YES;
				GCC_C_LANGUAGE_STANDARD = gnu99;
				GCC_OPTIMIZATION_LEVEL = s;
				GCC_WARN_ABOUT_RETURN_TYPE = YES;
				GCC_WARN_UNINITIALIZED_AUTOS = YES;
				GCC_WARN_UNUSED_VARIABLE = YES;
				IPHONEOS_DEPLOYMENT_TARGET = 6.0;
				OTHER_CFLAGS = "-DNS_BLOCK_ASSERTIONS=1";
				"PROVISIONING_PROFILE[sdk=iphoneos*]" = "87246B79-64F3-4323-9B88-797B8F220AD2";
				SDKROOT = iphoneos;
				USER_HEADER_SEARCH_PATHS = "${SDKROOT}/usr/include/libxml2";
				VALIDATE_PRODUCT = YES;
			};
			name = Release;
		};
		F2C2F94E163390E500E93A97 /* Debug */ = {
			isa = XCBuildConfiguration;
			buildSettings = {
				GCC_PRECOMPILE_PREFIX_HEADER = YES;
				GCC_PREFIX_HEADER = "GIFViewer/GIFViewer-Prefix.pch";
				INFOPLIST_FILE = "GIFViewer/GIFViewer-Info.plist";
				PRODUCT_NAME = "$(TARGET_NAME)";
				WRAPPER_EXTENSION = app;
			};
			name = Debug;
		};
		F2C2F94F163390E500E93A97 /* Release */ = {
			isa = XCBuildConfiguration;
			buildSettings = {
				GCC_PRECOMPILE_PREFIX_HEADER = YES;
				GCC_PREFIX_HEADER = "GIFViewer/GIFViewer-Prefix.pch";
				INFOPLIST_FILE = "GIFViewer/GIFViewer-Info.plist";
				PRODUCT_NAME = "$(TARGET_NAME)";
				WRAPPER_EXTENSION = app;
			};
			name = Release;
		};
/* End XCBuildConfiguration section */

/* Begin XCConfigurationList section */
		F2C2F929163390E500E93A97 /* Build configuration list for PBXProject "GIFViewer" */ = {
			isa = XCConfigurationList;
			buildConfigurations = (
				F2C2F94B163390E500E93A97 /* Debug */,
				F2C2F94C163390E500E93A97 /* Release */,
			);
			defaultConfigurationIsVisible = 0;
			defaultConfigurationName = Release;
		};
		F2C2F94D163390E500E93A97 /* Build configuration list for PBXNativeTarget "GIFViewer" */ = {
			isa = XCConfigurationList;
			buildConfigurations = (
				F2C2F94E163390E500E93A97 /* Debug */,
				F2C2F94F163390E500E93A97 /* Release */,
			);
			defaultConfigurationIsVisible = 0;
			defaultConfigurationName = Release;
		};
/* End XCConfigurationList section */
	};
	rootObject = F2C2F926163390E500E93A97 /* Project object */;
}
